// !$*UTF8*$!
{
	archiveVersion = 1;
	classes = {
	};
	objectVersion = 56;
	objects = {

/* Begin PBXBuildFile section */
		454443EC2AC99B3900970FA0 /* FeedLoaderWithFallbackCompositeTests.swift in Sources */ = {isa = PBXBuildFile; fileRef = 454443EB2AC99B3900970FA0 /* FeedLoaderWithFallbackCompositeTests.swift */; };
		454443EF2AC99EDF00970FA0 /* SharedTestHelpers.swift in Sources */ = {isa = PBXBuildFile; fileRef = 454443EE2AC99EDF00970FA0 /* SharedTestHelpers.swift */; };
		454443F12AC99EFA00970FA0 /* XCTestCase+MemoryLeakTracking.swift in Sources */ = {isa = PBXBuildFile; fileRef = 454443F02AC99EFA00970FA0 /* XCTestCase+MemoryLeakTracking.swift */; };
		454443F32AC99FD500970FA0 /* FeedImageDataLoaderWithFallbackCompositeTests.swift in Sources */ = {isa = PBXBuildFile; fileRef = 454443F22AC99FD500970FA0 /* FeedImageDataLoaderWithFallbackCompositeTests.swift */; };
		454443F52AC9A00D00970FA0 /* FeedLoaderWithFallbackComposite.swift in Sources */ = {isa = PBXBuildFile; fileRef = 454443F42AC9A00D00970FA0 /* FeedLoaderWithFallbackComposite.swift */; };
		454443F72AC9A06100970FA0 /* FeedImageDataLoaderWithFallbackComposite.swift in Sources */ = {isa = PBXBuildFile; fileRef = 454443F62AC9A06100970FA0 /* FeedImageDataLoaderWithFallbackComposite.swift */; };
		454443F92ACA83CB00970FA0 /* FeedLoaderCacheDecoratorTests.swift in Sources */ = {isa = PBXBuildFile; fileRef = 454443F82ACA83CB00970FA0 /* FeedLoaderCacheDecoratorTests.swift */; };
		454443FB2ACA874A00970FA0 /* FeedLoaderStub.swift in Sources */ = {isa = PBXBuildFile; fileRef = 454443FA2ACA874A00970FA0 /* FeedLoaderStub.swift */; };
		454443FD2ACA87AB00970FA0 /* XCTestCase+FeedLoader.swift in Sources */ = {isa = PBXBuildFile; fileRef = 454443FC2ACA87AB00970FA0 /* XCTestCase+FeedLoader.swift */; };
		454444012ACA8C1000970FA0 /* FeedLoaderCacheDecarator.swift in Sources */ = {isa = PBXBuildFile; fileRef = 454444002ACA8C1000970FA0 /* FeedLoaderCacheDecarator.swift */; };
		454444032ACAB2B400970FA0 /* FeedImageDataLoaderCacheDecoratorTests.swift in Sources */ = {isa = PBXBuildFile; fileRef = 454444022ACAB2B400970FA0 /* FeedImageDataLoaderCacheDecoratorTests.swift */; };
		454444052ACAC63300970FA0 /* XCTestCase+FeedImageDataLoader.swift in Sources */ = {isa = PBXBuildFile; fileRef = 454444042ACAC63300970FA0 /* XCTestCase+FeedImageDataLoader.swift */; };
		454444092ACAC8F700970FA0 /* FeedImageDataLoaderCacheDecorator.swift in Sources */ = {isa = PBXBuildFile; fileRef = 454444082ACAC8F700970FA0 /* FeedImageDataLoaderCacheDecorator.swift */; };
		456EAE792A87952700E085E9 /* AppDelegate.swift in Sources */ = {isa = PBXBuildFile; fileRef = 456EAE782A87952700E085E9 /* AppDelegate.swift */; };
		456EAE7B2A87952700E085E9 /* SceneDelegate.swift in Sources */ = {isa = PBXBuildFile; fileRef = 456EAE7A2A87952700E085E9 /* SceneDelegate.swift */; };
		456EAE7D2A87952700E085E9 /* ViewController.swift in Sources */ = {isa = PBXBuildFile; fileRef = 456EAE7C2A87952700E085E9 /* ViewController.swift */; };
		456EAE802A87952700E085E9 /* Main.storyboard in Resources */ = {isa = PBXBuildFile; fileRef = 456EAE7E2A87952700E085E9 /* Main.storyboard */; };
		456EAE822A87952900E085E9 /* Assets.xcassets in Resources */ = {isa = PBXBuildFile; fileRef = 456EAE812A87952900E085E9 /* Assets.xcassets */; };
		456EAE852A87952900E085E9 /* LaunchScreen.storyboard in Resources */ = {isa = PBXBuildFile; fileRef = 456EAE832A87952900E085E9 /* LaunchScreen.storyboard */; };
		456EAEA92A8796A800E085E9 /* EssentialFeed.framework in Frameworks */ = {isa = PBXBuildFile; fileRef = 456EAE972A87967400E085E9 /* EssentialFeed.framework */; };
		456EAEAA2A8796A800E085E9 /* EssentialFeed.framework in Embed Frameworks */ = {isa = PBXBuildFile; fileRef = 456EAE972A87967400E085E9 /* EssentialFeed.framework */; settings = {ATTRIBUTES = (CodeSignOnCopy, RemoveHeadersOnCopy, ); }; };
		456EAEAB2A8796A800E085E9 /* EssentialFeediOS.framework in Frameworks */ = {isa = PBXBuildFile; fileRef = 456EAE9F2A87967400E085E9 /* EssentialFeediOS.framework */; };
		456EAEAC2A8796A800E085E9 /* EssentialFeediOS.framework in Embed Frameworks */ = {isa = PBXBuildFile; fileRef = 456EAE9F2A87967400E085E9 /* EssentialFeediOS.framework */; settings = {ATTRIBUTES = (CodeSignOnCopy, RemoveHeadersOnCopy, ); }; };
		458594292AD2D99D00563654 /* SceneDelegateTests.swift in Sources */ = {isa = PBXBuildFile; fileRef = 458594222AD2D99D00563654 /* SceneDelegateTests.swift */; };
		45C8FFBE2AD2DDA200FAA542 /* WeakRefVirtualProxy.swift in Sources */ = {isa = PBXBuildFile; fileRef = 45C8FFBC2AD2DDA200FAA542 /* WeakRefVirtualProxy.swift */; };
		45C8FFBF2AD2DDA200FAA542 /* FeedImageDataLoaderPresentationAdapter.swift in Sources */ = {isa = PBXBuildFile; fileRef = 45C8FFB22AD2DDA200FAA542 /* FeedImageDataLoaderPresentationAdapter.swift */; };
		45C8FFC02AD2DDA200FAA542 /* FeedViewAdapter.swift in Sources */ = {isa = PBXBuildFile; fileRef = 45C8FFB92AD2DDA200FAA542 /* FeedViewAdapter.swift */; };
		45C8FFC12AD2DDA200FAA542 /* MainQueueDispatchDecorator.swift in Sources */ = {isa = PBXBuildFile; fileRef = 45C8FFBB2AD2DDA200FAA542 /* MainQueueDispatchDecorator.swift */; };
		45C8FFC22AD2DDA200FAA542 /* FeedUIComposer.swift in Sources */ = {isa = PBXBuildFile; fileRef = 45C8FFBD2AD2DDA200FAA542 /* FeedUIComposer.swift */; };
		45C8FFC32AD2DDA200FAA542 /* FeedLoaderPresentationAdapter.swift in Sources */ = {isa = PBXBuildFile; fileRef = 45C8FFBA2AD2DDA200FAA542 /* FeedLoaderPresentationAdapter.swift */; };
		45C8FFCD2AD2DDEA00FAA542 /* UIImage+TestHelpers.swift in Sources */ = {isa = PBXBuildFile; fileRef = 45C8FFC92AD2DDE900FAA542 /* UIImage+TestHelpers.swift */; };
		45C8FFCE2AD2DDEA00FAA542 /* FeedImageCell+TestHelpers.swift in Sources */ = {isa = PBXBuildFile; fileRef = 45C8FFC82AD2DDE900FAA542 /* FeedImageCell+TestHelpers.swift */; };
		45C8FFCF2AD2DDEA00FAA542 /* UIControl+TestHelpers.swift in Sources */ = {isa = PBXBuildFile; fileRef = 45C8FFC42AD2DDE900FAA542 /* UIControl+TestHelpers.swift */; };
		45C8FFD02AD2DDEA00FAA542 /* FeedViewController+TestHelpers.swift in Sources */ = {isa = PBXBuildFile; fileRef = 45C8FFCB2AD2DDE900FAA542 /* FeedViewController+TestHelpers.swift */; };
		45C8FFD12AD2DDEA00FAA542 /* UIButton+TestHelpers.swift in Sources */ = {isa = PBXBuildFile; fileRef = 45C8FFC72AD2DDE900FAA542 /* UIButton+TestHelpers.swift */; };
		45C8FFD22AD2DDEA00FAA542 /* UIRefreshControl+TestHelpers.swift in Sources */ = {isa = PBXBuildFile; fileRef = 45C8FFCA2AD2DDE900FAA542 /* UIRefreshControl+TestHelpers.swift */; };
		45C8FFD32AD2DDEA00FAA542 /* FeedUIIntegrationTests+Assertions.swift in Sources */ = {isa = PBXBuildFile; fileRef = 45C8FFCC2AD2DDE900FAA542 /* FeedUIIntegrationTests+Assertions.swift */; };
		45C8FFD42AD2DDEA00FAA542 /* FeedUIIntegrationTests+Localization.swift in Sources */ = {isa = PBXBuildFile; fileRef = 45C8FFC62AD2DDE900FAA542 /* FeedUIIntegrationTests+Localization.swift */; };
		45C8FFD52AD2DDEA00FAA542 /* FeedUIIntegrationTests+LoaderSpy.swift in Sources */ = {isa = PBXBuildFile; fileRef = 45C8FFC52AD2DDE900FAA542 /* FeedUIIntegrationTests+LoaderSpy.swift */; };
		45C8FFD72AD2DE0300FAA542 /* FeedUIIntegrationTests.swift in Sources */ = {isa = PBXBuildFile; fileRef = 45C8FFD62AD2DE0300FAA542 /* FeedUIIntegrationTests.swift */; };
		45C8FFD92AD2DF5800FAA542 /* FeedAcceptanceTests.swift in Sources */ = {isa = PBXBuildFile; fileRef = 45C8FFD82AD2DF5800FAA542 /* FeedAcceptanceTests.swift */; };
/* End PBXBuildFile section */

/* Begin PBXContainerItemProxy section */
		454443E02AC99B1F00970FA0 /* PBXContainerItemProxy */ = {
			isa = PBXContainerItemProxy;
			containerPortal = 456EAE6D2A87952700E085E9 /* Project object */;
			proxyType = 1;
			remoteGlobalIDString = 456EAE742A87952700E085E9;
			remoteInfo = EssentialApp;
		};
		456EAE962A87967400E085E9 /* PBXContainerItemProxy */ = {
			isa = PBXContainerItemProxy;
			containerPortal = 456EAE8D2A87967400E085E9 /* EssentialFeed.xcodeproj */;
			proxyType = 2;
			remoteGlobalIDString = 080EDEF121B6DA7E00813479;
			remoteInfo = EssentialFeed;
		};
		456EAE982A87967400E085E9 /* PBXContainerItemProxy */ = {
			isa = PBXContainerItemProxy;
			containerPortal = 456EAE8D2A87967400E085E9 /* EssentialFeed.xcodeproj */;
			proxyType = 2;
			remoteGlobalIDString = 080EDEFA21B6DA7E00813479;
			remoteInfo = EssentialFeedTests;
		};
		456EAE9A2A87967400E085E9 /* PBXContainerItemProxy */ = {
			isa = PBXContainerItemProxy;
			containerPortal = 456EAE8D2A87967400E085E9 /* EssentialFeed.xcodeproj */;
			proxyType = 2;
			remoteGlobalIDString = 0899395C220359C50031B03D;
			remoteInfo = EssentialFeedAPIEndToEndTests;
		};
		456EAE9C2A87967400E085E9 /* PBXContainerItemProxy */ = {
			isa = PBXContainerItemProxy;
			containerPortal = 456EAE8D2A87967400E085E9 /* EssentialFeed.xcodeproj */;
			proxyType = 2;
			remoteGlobalIDString = 0832C67D22A0223A00E1C5E9;
			remoteInfo = EssentialFeedCacheIntegrationTests;
		};
		456EAE9E2A87967400E085E9 /* PBXContainerItemProxy */ = {
			isa = PBXContainerItemProxy;
			containerPortal = 456EAE8D2A87967400E085E9 /* EssentialFeed.xcodeproj */;
			proxyType = 2;
			remoteGlobalIDString = 08D917A022B92A5D003BC31B;
			remoteInfo = EssentialFeediOS;
		};
		456EAEA02A87967400E085E9 /* PBXContainerItemProxy */ = {
			isa = PBXContainerItemProxy;
			containerPortal = 456EAE8D2A87967400E085E9 /* EssentialFeed.xcodeproj */;
			proxyType = 2;
			remoteGlobalIDString = 08D917A822B92A5D003BC31B;
			remoteInfo = EssentialFeediOSTests;
		};
/* End PBXContainerItemProxy section */

/* Begin PBXCopyFilesBuildPhase section */
		456EAEAD2A8796A800E085E9 /* Embed Frameworks */ = {
			isa = PBXCopyFilesBuildPhase;
			buildActionMask = 2147483647;
			dstPath = "";
			dstSubfolderSpec = 10;
			files = (
				456EAEAA2A8796A800E085E9 /* EssentialFeed.framework in Embed Frameworks */,
				456EAEAC2A8796A800E085E9 /* EssentialFeediOS.framework in Embed Frameworks */,
			);
			name = "Embed Frameworks";
			runOnlyForDeploymentPostprocessing = 0;
		};
/* End PBXCopyFilesBuildPhase section */

/* Begin PBXFileReference section */
		454443DC2AC99B1F00970FA0 /* EssentialAppTests.xctest */ = {isa = PBXFileReference; explicitFileType = wrapper.cfbundle; includeInIndex = 0; path = EssentialAppTests.xctest; sourceTree = BUILT_PRODUCTS_DIR; };
		454443EB2AC99B3900970FA0 /* FeedLoaderWithFallbackCompositeTests.swift */ = {isa = PBXFileReference; lastKnownFileType = sourcecode.swift; path = FeedLoaderWithFallbackCompositeTests.swift; sourceTree = "<group>"; };
		454443EE2AC99EDF00970FA0 /* SharedTestHelpers.swift */ = {isa = PBXFileReference; lastKnownFileType = sourcecode.swift; path = SharedTestHelpers.swift; sourceTree = "<group>"; };
		454443F02AC99EFA00970FA0 /* XCTestCase+MemoryLeakTracking.swift */ = {isa = PBXFileReference; lastKnownFileType = sourcecode.swift; path = "XCTestCase+MemoryLeakTracking.swift"; sourceTree = "<group>"; };
		454443F22AC99FD500970FA0 /* FeedImageDataLoaderWithFallbackCompositeTests.swift */ = {isa = PBXFileReference; lastKnownFileType = sourcecode.swift; path = FeedImageDataLoaderWithFallbackCompositeTests.swift; sourceTree = "<group>"; };
		454443F42AC9A00D00970FA0 /* FeedLoaderWithFallbackComposite.swift */ = {isa = PBXFileReference; lastKnownFileType = sourcecode.swift; path = FeedLoaderWithFallbackComposite.swift; sourceTree = "<group>"; };
		454443F62AC9A06100970FA0 /* FeedImageDataLoaderWithFallbackComposite.swift */ = {isa = PBXFileReference; lastKnownFileType = sourcecode.swift; path = FeedImageDataLoaderWithFallbackComposite.swift; sourceTree = "<group>"; };
		454443F82ACA83CB00970FA0 /* FeedLoaderCacheDecoratorTests.swift */ = {isa = PBXFileReference; lastKnownFileType = sourcecode.swift; path = FeedLoaderCacheDecoratorTests.swift; sourceTree = "<group>"; };
		454443FA2ACA874A00970FA0 /* FeedLoaderStub.swift */ = {isa = PBXFileReference; lastKnownFileType = sourcecode.swift; path = FeedLoaderStub.swift; sourceTree = "<group>"; };
		454443FC2ACA87AB00970FA0 /* XCTestCase+FeedLoader.swift */ = {isa = PBXFileReference; lastKnownFileType = sourcecode.swift; path = "XCTestCase+FeedLoader.swift"; sourceTree = "<group>"; };
		454444002ACA8C1000970FA0 /* FeedLoaderCacheDecarator.swift */ = {isa = PBXFileReference; lastKnownFileType = sourcecode.swift; path = FeedLoaderCacheDecarator.swift; sourceTree = "<group>"; };
		454444022ACAB2B400970FA0 /* FeedImageDataLoaderCacheDecoratorTests.swift */ = {isa = PBXFileReference; lastKnownFileType = sourcecode.swift; path = FeedImageDataLoaderCacheDecoratorTests.swift; sourceTree = "<group>"; };
		454444042ACAC63300970FA0 /* XCTestCase+FeedImageDataLoader.swift */ = {isa = PBXFileReference; lastKnownFileType = sourcecode.swift; path = "XCTestCase+FeedImageDataLoader.swift"; sourceTree = "<group>"; };
		454444082ACAC8F700970FA0 /* FeedImageDataLoaderCacheDecorator.swift */ = {isa = PBXFileReference; lastKnownFileType = sourcecode.swift; path = FeedImageDataLoaderCacheDecorator.swift; sourceTree = "<group>"; };
		456EAE752A87952700E085E9 /* EssentialApp.app */ = {isa = PBXFileReference; explicitFileType = wrapper.application; includeInIndex = 0; path = EssentialApp.app; sourceTree = BUILT_PRODUCTS_DIR; };
		456EAE782A87952700E085E9 /* AppDelegate.swift */ = {isa = PBXFileReference; lastKnownFileType = sourcecode.swift; path = AppDelegate.swift; sourceTree = "<group>"; };
		456EAE7A2A87952700E085E9 /* SceneDelegate.swift */ = {isa = PBXFileReference; lastKnownFileType = sourcecode.swift; path = SceneDelegate.swift; sourceTree = "<group>"; };
		456EAE7C2A87952700E085E9 /* ViewController.swift */ = {isa = PBXFileReference; lastKnownFileType = sourcecode.swift; path = ViewController.swift; sourceTree = "<group>"; };
		456EAE7F2A87952700E085E9 /* Base */ = {isa = PBXFileReference; lastKnownFileType = file.storyboard; name = Base; path = Base.lproj/Main.storyboard; sourceTree = "<group>"; };
		456EAE812A87952900E085E9 /* Assets.xcassets */ = {isa = PBXFileReference; lastKnownFileType = folder.assetcatalog; path = Assets.xcassets; sourceTree = "<group>"; };
		456EAE842A87952900E085E9 /* Base */ = {isa = PBXFileReference; lastKnownFileType = file.storyboard; name = Base; path = Base.lproj/LaunchScreen.storyboard; sourceTree = "<group>"; };
		456EAE862A87952900E085E9 /* Info.plist */ = {isa = PBXFileReference; lastKnownFileType = text.plist.xml; path = Info.plist; sourceTree = "<group>"; };
		456EAE8D2A87967400E085E9 /* EssentialFeed.xcodeproj */ = {isa = PBXFileReference; lastKnownFileType = "wrapper.pb-project"; name = EssentialFeed.xcodeproj; path = ../EssentialFeed.xcodeproj; sourceTree = "<group>"; };
		458594222AD2D99D00563654 /* SceneDelegateTests.swift */ = {isa = PBXFileReference; fileEncoding = 4; lastKnownFileType = sourcecode.swift; path = SceneDelegateTests.swift; sourceTree = "<group>"; };
		45C8FFB22AD2DDA200FAA542 /* FeedImageDataLoaderPresentationAdapter.swift */ = {isa = PBXFileReference; lastKnownFileType = sourcecode.swift; path = FeedImageDataLoaderPresentationAdapter.swift; sourceTree = "<group>"; };
		45C8FFB92AD2DDA200FAA542 /* FeedViewAdapter.swift */ = {isa = PBXFileReference; lastKnownFileType = sourcecode.swift; path = FeedViewAdapter.swift; sourceTree = "<group>"; };
		45C8FFBA2AD2DDA200FAA542 /* FeedLoaderPresentationAdapter.swift */ = {isa = PBXFileReference; lastKnownFileType = sourcecode.swift; path = FeedLoaderPresentationAdapter.swift; sourceTree = "<group>"; };
		45C8FFBB2AD2DDA200FAA542 /* MainQueueDispatchDecorator.swift */ = {isa = PBXFileReference; lastKnownFileType = sourcecode.swift; path = MainQueueDispatchDecorator.swift; sourceTree = "<group>"; };
		45C8FFBC2AD2DDA200FAA542 /* WeakRefVirtualProxy.swift */ = {isa = PBXFileReference; lastKnownFileType = sourcecode.swift; path = WeakRefVirtualProxy.swift; sourceTree = "<group>"; };
		45C8FFBD2AD2DDA200FAA542 /* FeedUIComposer.swift */ = {isa = PBXFileReference; lastKnownFileType = sourcecode.swift; path = FeedUIComposer.swift; sourceTree = "<group>"; };
		45C8FFC42AD2DDE900FAA542 /* UIControl+TestHelpers.swift */ = {isa = PBXFileReference; lastKnownFileType = sourcecode.swift; path = "UIControl+TestHelpers.swift"; sourceTree = "<group>"; };
		45C8FFC52AD2DDE900FAA542 /* FeedUIIntegrationTests+LoaderSpy.swift */ = {isa = PBXFileReference; lastKnownFileType = sourcecode.swift; path = "FeedUIIntegrationTests+LoaderSpy.swift"; sourceTree = "<group>"; };
		45C8FFC62AD2DDE900FAA542 /* FeedUIIntegrationTests+Localization.swift */ = {isa = PBXFileReference; lastKnownFileType = sourcecode.swift; path = "FeedUIIntegrationTests+Localization.swift"; sourceTree = "<group>"; };
		45C8FFC72AD2DDE900FAA542 /* UIButton+TestHelpers.swift */ = {isa = PBXFileReference; lastKnownFileType = sourcecode.swift; path = "UIButton+TestHelpers.swift"; sourceTree = "<group>"; };
		45C8FFC82AD2DDE900FAA542 /* FeedImageCell+TestHelpers.swift */ = {isa = PBXFileReference; lastKnownFileType = sourcecode.swift; path = "FeedImageCell+TestHelpers.swift"; sourceTree = "<group>"; };
		45C8FFC92AD2DDE900FAA542 /* UIImage+TestHelpers.swift */ = {isa = PBXFileReference; lastKnownFileType = sourcecode.swift; path = "UIImage+TestHelpers.swift"; sourceTree = "<group>"; };
		45C8FFCA2AD2DDE900FAA542 /* UIRefreshControl+TestHelpers.swift */ = {isa = PBXFileReference; lastKnownFileType = sourcecode.swift; path = "UIRefreshControl+TestHelpers.swift"; sourceTree = "<group>"; };
		45C8FFCB2AD2DDE900FAA542 /* FeedViewController+TestHelpers.swift */ = {isa = PBXFileReference; lastKnownFileType = sourcecode.swift; path = "FeedViewController+TestHelpers.swift"; sourceTree = "<group>"; };
		45C8FFCC2AD2DDE900FAA542 /* FeedUIIntegrationTests+Assertions.swift */ = {isa = PBXFileReference; lastKnownFileType = sourcecode.swift; path = "FeedUIIntegrationTests+Assertions.swift"; sourceTree = "<group>"; };
		45C8FFD62AD2DE0300FAA542 /* FeedUIIntegrationTests.swift */ = {isa = PBXFileReference; lastKnownFileType = sourcecode.swift; path = FeedUIIntegrationTests.swift; sourceTree = "<group>"; };
		45C8FFD82AD2DF5800FAA542 /* FeedAcceptanceTests.swift */ = {isa = PBXFileReference; lastKnownFileType = sourcecode.swift; path = FeedAcceptanceTests.swift; sourceTree = "<group>"; };
/* End PBXFileReference section */

/* Begin PBXFrameworksBuildPhase section */
		454443D92AC99B1F00970FA0 /* Frameworks */ = {
			isa = PBXFrameworksBuildPhase;
			buildActionMask = 2147483647;
			files = (
			);
			runOnlyForDeploymentPostprocessing = 0;
		};
		456EAE722A87952700E085E9 /* Frameworks */ = {
			isa = PBXFrameworksBuildPhase;
			buildActionMask = 2147483647;
			files = (
				456EAEA92A8796A800E085E9 /* EssentialFeed.framework in Frameworks */,
				456EAEAB2A8796A800E085E9 /* EssentialFeediOS.framework in Frameworks */,
			);
			runOnlyForDeploymentPostprocessing = 0;
		};
/* End PBXFrameworksBuildPhase section */

/* Begin PBXGroup section */
		454443DD2AC99B1F00970FA0 /* EssentialAppTests */ = {
			isa = PBXGroup;
			children = (
				458594222AD2D99D00563654 /* SceneDelegateTests.swift */,
				454443ED2AC99EBF00970FA0 /* Helpers */,
				454443EB2AC99B3900970FA0 /* FeedLoaderWithFallbackCompositeTests.swift */,
				454443F22AC99FD500970FA0 /* FeedImageDataLoaderWithFallbackCompositeTests.swift */,
				454443F82ACA83CB00970FA0 /* FeedLoaderCacheDecoratorTests.swift */,
				45C8FFD62AD2DE0300FAA542 /* FeedUIIntegrationTests.swift */,
				454444022ACAB2B400970FA0 /* FeedImageDataLoaderCacheDecoratorTests.swift */,
				45C8FFD82AD2DF5800FAA542 /* FeedAcceptanceTests.swift */,
			);
			path = EssentialAppTests;
			sourceTree = "<group>";
		};
		454443ED2AC99EBF00970FA0 /* Helpers */ = {
			isa = PBXGroup;
			children = (
				45C8FFC92AD2DDE900FAA542 /* UIImage+TestHelpers.swift */,
				45C8FFCA2AD2DDE900FAA542 /* UIRefreshControl+TestHelpers.swift */,
				45C8FFC72AD2DDE900FAA542 /* UIButton+TestHelpers.swift */,
				45C8FFC42AD2DDE900FAA542 /* UIControl+TestHelpers.swift */,
				45C8FFCB2AD2DDE900FAA542 /* FeedViewController+TestHelpers.swift */,
				45C8FFC82AD2DDE900FAA542 /* FeedImageCell+TestHelpers.swift */,
				45C8FFC52AD2DDE900FAA542 /* FeedUIIntegrationTests+LoaderSpy.swift */,
				45C8FFCC2AD2DDE900FAA542 /* FeedUIIntegrationTests+Assertions.swift */,
				45C8FFC62AD2DDE900FAA542 /* FeedUIIntegrationTests+Localization.swift */,
				454443EE2AC99EDF00970FA0 /* SharedTestHelpers.swift */,
				454443F02AC99EFA00970FA0 /* XCTestCase+MemoryLeakTracking.swift */,
				454443FA2ACA874A00970FA0 /* FeedLoaderStub.swift */,
				454443FC2ACA87AB00970FA0 /* XCTestCase+FeedLoader.swift */,
				454444042ACAC63300970FA0 /* XCTestCase+FeedImageDataLoader.swift */,
			);
			path = Helpers;
			sourceTree = "<group>";
		};
		456EAE6C2A87952700E085E9 = {
			isa = PBXGroup;
			children = (
				456EAE772A87952700E085E9 /* EssentialApp */,
				454443DD2AC99B1F00970FA0 /* EssentialAppTests */,
				456EAE762A87952700E085E9 /* Products */,
				456EAE8C2A87967400E085E9 /* Frameworks */,
			);
			sourceTree = "<group>";
		};
		456EAE762A87952700E085E9 /* Products */ = {
			isa = PBXGroup;
			children = (
				456EAE752A87952700E085E9 /* EssentialApp.app */,
				454443DC2AC99B1F00970FA0 /* EssentialAppTests.xctest */,
			);
			name = Products;
			sourceTree = "<group>";
		};
		456EAE772A87952700E085E9 /* EssentialApp */ = {
			isa = PBXGroup;
			children = (
				45D4B4912B222A7D005321BB /* Composers */,
				456EAE782A87952700E085E9 /* AppDelegate.swift */,
				456EAE7A2A87952700E085E9 /* SceneDelegate.swift */,
				456EAE7C2A87952700E085E9 /* ViewController.swift */,
				456EAE7E2A87952700E085E9 /* Main.storyboard */,
				456EAE812A87952900E085E9 /* Assets.xcassets */,
				456EAE832A87952900E085E9 /* LaunchScreen.storyboard */,
				456EAE862A87952900E085E9 /* Info.plist */,
				454443F42AC9A00D00970FA0 /* FeedLoaderWithFallbackComposite.swift */,
				454443F62AC9A06100970FA0 /* FeedImageDataLoaderWithFallbackComposite.swift */,
				454444082ACAC8F700970FA0 /* FeedImageDataLoaderCacheDecorator.swift */,
				454444002ACA8C1000970FA0 /* FeedLoaderCacheDecarator.swift */,
			);
			path = EssentialApp;
			sourceTree = "<group>";
		};
		456EAE8C2A87967400E085E9 /* Frameworks */ = {
			isa = PBXGroup;
			children = (
				456EAE8D2A87967400E085E9 /* EssentialFeed.xcodeproj */,
			);
			name = Frameworks;
			sourceTree = "<group>";
		};
		456EAE8E2A87967400E085E9 /* Products */ = {
			isa = PBXGroup;
			children = (
				456EAE972A87967400E085E9 /* EssentialFeed.framework */,
				456EAE992A87967400E085E9 /* EssentialFeedTests.xctest */,
				456EAE9B2A87967400E085E9 /* EssentialFeedAPIEndToEndTests.xctest */,
				456EAE9D2A87967400E085E9 /* EssentialFeedCacheIntegrationTests.xctest */,
				456EAE9F2A87967400E085E9 /* EssentialFeediOS.framework */,
				456EAEA12A87967400E085E9 /* EssentialFeediOSTests.xctest */,
			);
			name = Products;
			sourceTree = "<group>";
		};
		45D4B4912B222A7D005321BB /* Composers */ = {
			isa = PBXGroup;
			children = (
				45C8FFBD2AD2DDA200FAA542 /* FeedUIComposer.swift */,
				45C8FFBB2AD2DDA200FAA542 /* MainQueueDispatchDecorator.swift */,
				45C8FFBC2AD2DDA200FAA542 /* WeakRefVirtualProxy.swift */,
				45C8FFB22AD2DDA200FAA542 /* FeedImageDataLoaderPresentationAdapter.swift */,
				45C8FFBA2AD2DDA200FAA542 /* FeedLoaderPresentationAdapter.swift */,
				45C8FFB92AD2DDA200FAA542 /* FeedViewAdapter.swift */,
			);
			path = Composers;
			sourceTree = "<group>";
		};
/* End PBXGroup section */

/* Begin PBXNativeTarget section */
		454443DB2AC99B1F00970FA0 /* EssentialAppTests */ = {
			isa = PBXNativeTarget;
			buildConfigurationList = 454443EA2AC99B1F00970FA0 /* Build configuration list for PBXNativeTarget "EssentialAppTests" */;
			buildPhases = (
				454443D82AC99B1F00970FA0 /* Sources */,
				454443D92AC99B1F00970FA0 /* Frameworks */,
				454443DA2AC99B1F00970FA0 /* Resources */,
			);
			buildRules = (
			);
			dependencies = (
				454443E12AC99B1F00970FA0 /* PBXTargetDependency */,
			);
			name = EssentialAppTests;
			productName = EssentialAppTests;
			productReference = 454443DC2AC99B1F00970FA0 /* EssentialAppTests.xctest */;
			productType = "com.apple.product-type.bundle.unit-test";
		};
		456EAE742A87952700E085E9 /* EssentialApp */ = {
			isa = PBXNativeTarget;
			buildConfigurationList = 456EAE892A87952900E085E9 /* Build configuration list for PBXNativeTarget "EssentialApp" */;
			buildPhases = (
				456EAE712A87952700E085E9 /* Sources */,
				456EAE722A87952700E085E9 /* Frameworks */,
				456EAE732A87952700E085E9 /* Resources */,
				456EAEAD2A8796A800E085E9 /* Embed Frameworks */,
			);
			buildRules = (
			);
			dependencies = (
			);
			name = EssentialApp;
			productName = EssentialApp;
			productReference = 456EAE752A87952700E085E9 /* EssentialApp.app */;
			productType = "com.apple.product-type.application";
		};
/* End PBXNativeTarget section */

/* Begin PBXProject section */
		456EAE6D2A87952700E085E9 /* Project object */ = {
			isa = PBXProject;
			attributes = {
				BuildIndependentTargetsInParallel = 1;
				LastSwiftUpdateCheck = 1430;
				LastUpgradeCheck = 1430;
				TargetAttributes = {
					454443DB2AC99B1F00970FA0 = {
						CreatedOnToolsVersion = 14.3.1;
						TestTargetID = 456EAE742A87952700E085E9;
					};
					456EAE742A87952700E085E9 = {
						CreatedOnToolsVersion = 14.3.1;
					};
				};
			};
			buildConfigurationList = 456EAE702A87952700E085E9 /* Build configuration list for PBXProject "EssentialApp" */;
			compatibilityVersion = "Xcode 14.0";
			developmentRegion = en;
			hasScannedForEncodings = 0;
			knownRegions = (
				en,
				Base,
			);
			mainGroup = 456EAE6C2A87952700E085E9;
			productRefGroup = 456EAE762A87952700E085E9 /* Products */;
			projectDirPath = "";
			projectReferences = (
				{
					ProductGroup = 456EAE8E2A87967400E085E9 /* Products */;
					ProjectRef = 456EAE8D2A87967400E085E9 /* EssentialFeed.xcodeproj */;
				},
			);
			projectRoot = "";
			targets = (
				456EAE742A87952700E085E9 /* EssentialApp */,
				454443DB2AC99B1F00970FA0 /* EssentialAppTests */,
			);
		};
/* End PBXProject section */

/* Begin PBXReferenceProxy section */
		456EAE972A87967400E085E9 /* EssentialFeed.framework */ = {
			isa = PBXReferenceProxy;
			fileType = wrapper.framework;
			path = EssentialFeed.framework;
			remoteRef = 456EAE962A87967400E085E9 /* PBXContainerItemProxy */;
			sourceTree = BUILT_PRODUCTS_DIR;
		};
		456EAE992A87967400E085E9 /* EssentialFeedTests.xctest */ = {
			isa = PBXReferenceProxy;
			fileType = wrapper.cfbundle;
			path = EssentialFeedTests.xctest;
			remoteRef = 456EAE982A87967400E085E9 /* PBXContainerItemProxy */;
			sourceTree = BUILT_PRODUCTS_DIR;
		};
		456EAE9B2A87967400E085E9 /* EssentialFeedAPIEndToEndTests.xctest */ = {
			isa = PBXReferenceProxy;
			fileType = wrapper.cfbundle;
			path = EssentialFeedAPIEndToEndTests.xctest;
			remoteRef = 456EAE9A2A87967400E085E9 /* PBXContainerItemProxy */;
			sourceTree = BUILT_PRODUCTS_DIR;
		};
		456EAE9D2A87967400E085E9 /* EssentialFeedCacheIntegrationTests.xctest */ = {
			isa = PBXReferenceProxy;
			fileType = wrapper.cfbundle;
			path = EssentialFeedCacheIntegrationTests.xctest;
			remoteRef = 456EAE9C2A87967400E085E9 /* PBXContainerItemProxy */;
			sourceTree = BUILT_PRODUCTS_DIR;
		};
		456EAE9F2A87967400E085E9 /* EssentialFeediOS.framework */ = {
			isa = PBXReferenceProxy;
			fileType = wrapper.framework;
			path = EssentialFeediOS.framework;
			remoteRef = 456EAE9E2A87967400E085E9 /* PBXContainerItemProxy */;
			sourceTree = BUILT_PRODUCTS_DIR;
		};
		456EAEA12A87967400E085E9 /* EssentialFeediOSTests.xctest */ = {
			isa = PBXReferenceProxy;
			fileType = wrapper.cfbundle;
			path = EssentialFeediOSTests.xctest;
			remoteRef = 456EAEA02A87967400E085E9 /* PBXContainerItemProxy */;
			sourceTree = BUILT_PRODUCTS_DIR;
		};
/* End PBXReferenceProxy section */

/* Begin PBXResourcesBuildPhase section */
		454443DA2AC99B1F00970FA0 /* Resources */ = {
			isa = PBXResourcesBuildPhase;
			buildActionMask = 2147483647;
			files = (
			);
			runOnlyForDeploymentPostprocessing = 0;
		};
		456EAE732A87952700E085E9 /* Resources */ = {
			isa = PBXResourcesBuildPhase;
			buildActionMask = 2147483647;
			files = (
				456EAE852A87952900E085E9 /* LaunchScreen.storyboard in Resources */,
				456EAE822A87952900E085E9 /* Assets.xcassets in Resources */,
				456EAE802A87952700E085E9 /* Main.storyboard in Resources */,
			);
			runOnlyForDeploymentPostprocessing = 0;
		};
/* End PBXResourcesBuildPhase section */

/* Begin PBXSourcesBuildPhase section */
		454443D82AC99B1F00970FA0 /* Sources */ = {
			isa = PBXSourcesBuildPhase;
			buildActionMask = 2147483647;
			files = (
				454443F32AC99FD500970FA0 /* FeedImageDataLoaderWithFallbackCompositeTests.swift in Sources */,
				454444032ACAB2B400970FA0 /* FeedImageDataLoaderCacheDecoratorTests.swift in Sources */,
				45C8FFD52AD2DDEA00FAA542 /* FeedUIIntegrationTests+LoaderSpy.swift in Sources */,
				454443FD2ACA87AB00970FA0 /* XCTestCase+FeedLoader.swift in Sources */,
				45C8FFD72AD2DE0300FAA542 /* FeedUIIntegrationTests.swift in Sources */,
				45C8FFCF2AD2DDEA00FAA542 /* UIControl+TestHelpers.swift in Sources */,
				45C8FFD02AD2DDEA00FAA542 /* FeedViewController+TestHelpers.swift in Sources */,
				45C8FFD42AD2DDEA00FAA542 /* FeedUIIntegrationTests+Localization.swift in Sources */,
				454443F92ACA83CB00970FA0 /* FeedLoaderCacheDecoratorTests.swift in Sources */,
				454443EF2AC99EDF00970FA0 /* SharedTestHelpers.swift in Sources */,
				454444052ACAC63300970FA0 /* XCTestCase+FeedImageDataLoader.swift in Sources */,
				454443EC2AC99B3900970FA0 /* FeedLoaderWithFallbackCompositeTests.swift in Sources */,
				45C8FFCE2AD2DDEA00FAA542 /* FeedImageCell+TestHelpers.swift in Sources */,
				454443FB2ACA874A00970FA0 /* FeedLoaderStub.swift in Sources */,
				45C8FFD12AD2DDEA00FAA542 /* UIButton+TestHelpers.swift in Sources */,
				45C8FFD32AD2DDEA00FAA542 /* FeedUIIntegrationTests+Assertions.swift in Sources */,
				45C8FFCD2AD2DDEA00FAA542 /* UIImage+TestHelpers.swift in Sources */,
				45C8FFD22AD2DDEA00FAA542 /* UIRefreshControl+TestHelpers.swift in Sources */,
				45C8FFD92AD2DF5800FAA542 /* FeedAcceptanceTests.swift in Sources */,
				454443F12AC99EFA00970FA0 /* XCTestCase+MemoryLeakTracking.swift in Sources */,
				458594292AD2D99D00563654 /* SceneDelegateTests.swift in Sources */,
			);
			runOnlyForDeploymentPostprocessing = 0;
		};
		456EAE712A87952700E085E9 /* Sources */ = {
			isa = PBXSourcesBuildPhase;
			buildActionMask = 2147483647;
			files = (
				456EAE7D2A87952700E085E9 /* ViewController.swift in Sources */,
				454444012ACA8C1000970FA0 /* FeedLoaderCacheDecarator.swift in Sources */,
				45C8FFBF2AD2DDA200FAA542 /* FeedImageDataLoaderPresentationAdapter.swift in Sources */,
				456EAE792A87952700E085E9 /* AppDelegate.swift in Sources */,
				45C8FFC12AD2DDA200FAA542 /* MainQueueDispatchDecorator.swift in Sources */,
				454443F52AC9A00D00970FA0 /* FeedLoaderWithFallbackComposite.swift in Sources */,
				45C8FFC02AD2DDA200FAA542 /* FeedViewAdapter.swift in Sources */,
				45C8FFC22AD2DDA200FAA542 /* FeedUIComposer.swift in Sources */,
				456EAE7B2A87952700E085E9 /* SceneDelegate.swift in Sources */,
				454443F72AC9A06100970FA0 /* FeedImageDataLoaderWithFallbackComposite.swift in Sources */,
				45C8FFBE2AD2DDA200FAA542 /* WeakRefVirtualProxy.swift in Sources */,
				45C8FFC32AD2DDA200FAA542 /* FeedLoaderPresentationAdapter.swift in Sources */,
				454444092ACAC8F700970FA0 /* FeedImageDataLoaderCacheDecorator.swift in Sources */,
			);
			runOnlyForDeploymentPostprocessing = 0;
		};
/* End PBXSourcesBuildPhase section */

/* Begin PBXTargetDependency section */
		454443E12AC99B1F00970FA0 /* PBXTargetDependency */ = {
			isa = PBXTargetDependency;
			target = 456EAE742A87952700E085E9 /* EssentialApp */;
			targetProxy = 454443E02AC99B1F00970FA0 /* PBXContainerItemProxy */;
		};
/* End PBXTargetDependency section */

/* Begin PBXVariantGroup section */
		456EAE7E2A87952700E085E9 /* Main.storyboard */ = {
			isa = PBXVariantGroup;
			children = (
				456EAE7F2A87952700E085E9 /* Base */,
			);
			name = Main.storyboard;
			sourceTree = "<group>";
		};
		456EAE832A87952900E085E9 /* LaunchScreen.storyboard */ = {
			isa = PBXVariantGroup;
			children = (
				456EAE842A87952900E085E9 /* Base */,
			);
			name = LaunchScreen.storyboard;
			sourceTree = "<group>";
		};
/* End PBXVariantGroup section */

/* Begin XCBuildConfiguration section */
		454443E22AC99B1F00970FA0 /* Debug */ = {
			isa = XCBuildConfiguration;
			buildSettings = {
				BUNDLE_LOADER = "$(TEST_HOST)";
				CODE_SIGN_STYLE = Automatic;
				CURRENT_PROJECT_VERSION = 1;
				GENERATE_INFOPLIST_FILE = YES;
				MARKETING_VERSION = 1.0;
				PRODUCT_BUNDLE_IDENTIFIER = bekabeshka.EssentialAppTests;
				PRODUCT_NAME = "$(TARGET_NAME)";
				SWIFT_EMIT_LOC_STRINGS = NO;
				SWIFT_VERSION = 5.0;
				TARGETED_DEVICE_FAMILY = "1,2";
				TEST_HOST = "$(BUILT_PRODUCTS_DIR)/EssentialApp.app/$(BUNDLE_EXECUTABLE_FOLDER_PATH)/EssentialApp";
			};
			name = Debug;
		};
		454443E32AC99B1F00970FA0 /* Release */ = {
			isa = XCBuildConfiguration;
			buildSettings = {
				BUNDLE_LOADER = "$(TEST_HOST)";
				CODE_SIGN_STYLE = Automatic;
				CURRENT_PROJECT_VERSION = 1;
				GENERATE_INFOPLIST_FILE = YES;
				MARKETING_VERSION = 1.0;
				PRODUCT_BUNDLE_IDENTIFIER = bekabeshka.EssentialAppTests;
				PRODUCT_NAME = "$(TARGET_NAME)";
				SWIFT_EMIT_LOC_STRINGS = NO;
				SWIFT_VERSION = 5.0;
				TARGETED_DEVICE_FAMILY = "1,2";
				TEST_HOST = "$(BUILT_PRODUCTS_DIR)/EssentialApp.app/$(BUNDLE_EXECUTABLE_FOLDER_PATH)/EssentialApp";
			};
			name = Release;
		};
		456EAE872A87952900E085E9 /* Debug */ = {
			isa = XCBuildConfiguration;
			buildSettings = {
				ALWAYS_SEARCH_USER_PATHS = NO;
				CLANG_ANALYZER_NONNULL = YES;
				CLANG_ANALYZER_NUMBER_OBJECT_CONVERSION = YES_AGGRESSIVE;
				CLANG_CXX_LANGUAGE_STANDARD = "gnu++20";
				CLANG_ENABLE_MODULES = YES;
				CLANG_ENABLE_OBJC_ARC = YES;
				CLANG_ENABLE_OBJC_WEAK = YES;
				CLANG_WARN_BLOCK_CAPTURE_AUTORELEASING = YES;
				CLANG_WARN_BOOL_CONVERSION = YES;
				CLANG_WARN_COMMA = YES;
				CLANG_WARN_CONSTANT_CONVERSION = YES;
				CLANG_WARN_DEPRECATED_OBJC_IMPLEMENTATIONS = YES;
				CLANG_WARN_DIRECT_OBJC_ISA_USAGE = YES_ERROR;
				CLANG_WARN_DOCUMENTATION_COMMENTS = YES;
				CLANG_WARN_EMPTY_BODY = YES;
				CLANG_WARN_ENUM_CONVERSION = YES;
				CLANG_WARN_INFINITE_RECURSION = YES;
				CLANG_WARN_INT_CONVERSION = YES;
				CLANG_WARN_NON_LITERAL_NULL_CONVERSION = YES;
				CLANG_WARN_OBJC_IMPLICIT_RETAIN_SELF = YES;
				CLANG_WARN_OBJC_LITERAL_CONVERSION = YES;
				CLANG_WARN_OBJC_ROOT_CLASS = YES_ERROR;
				CLANG_WARN_QUOTED_INCLUDE_IN_FRAMEWORK_HEADER = YES;
				CLANG_WARN_RANGE_LOOP_ANALYSIS = YES;
				CLANG_WARN_STRICT_PROTOTYPES = YES;
				CLANG_WARN_SUSPICIOUS_MOVE = YES;
				CLANG_WARN_UNGUARDED_AVAILABILITY = YES_AGGRESSIVE;
				CLANG_WARN_UNREACHABLE_CODE = YES;
				CLANG_WARN__DUPLICATE_METHOD_MATCH = YES;
				COPY_PHASE_STRIP = NO;
				DEBUG_INFORMATION_FORMAT = dwarf;
				ENABLE_STRICT_OBJC_MSGSEND = YES;
				ENABLE_TESTABILITY = YES;
				GCC_C_LANGUAGE_STANDARD = gnu11;
				GCC_DYNAMIC_NO_PIC = NO;
				GCC_NO_COMMON_BLOCKS = YES;
				GCC_OPTIMIZATION_LEVEL = 0;
				GCC_PREPROCESSOR_DEFINITIONS = (
					"DEBUG=1",
					"$(inherited)",
				);
				GCC_WARN_64_TO_32_BIT_CONVERSION = YES;
				GCC_WARN_ABOUT_RETURN_TYPE = YES_ERROR;
				GCC_WARN_UNDECLARED_SELECTOR = YES;
				GCC_WARN_UNINITIALIZED_AUTOS = YES_AGGRESSIVE;
				GCC_WARN_UNUSED_FUNCTION = YES;
				GCC_WARN_UNUSED_VARIABLE = YES;
				IPHONEOS_DEPLOYMENT_TARGET = 16.4;
				MTL_ENABLE_DEBUG_INFO = INCLUDE_SOURCE;
				MTL_FAST_MATH = YES;
				ONLY_ACTIVE_ARCH = YES;
				SDKROOT = iphoneos;
				SWIFT_ACTIVE_COMPILATION_CONDITIONS = DEBUG;
				SWIFT_OPTIMIZATION_LEVEL = "-Onone";
			};
			name = Debug;
		};
		456EAE882A87952900E085E9 /* Release */ = {
			isa = XCBuildConfiguration;
			buildSettings = {
				ALWAYS_SEARCH_USER_PATHS = NO;
				CLANG_ANALYZER_NONNULL = YES;
				CLANG_ANALYZER_NUMBER_OBJECT_CONVERSION = YES_AGGRESSIVE;
				CLANG_CXX_LANGUAGE_STANDARD = "gnu++20";
				CLANG_ENABLE_MODULES = YES;
				CLANG_ENABLE_OBJC_ARC = YES;
				CLANG_ENABLE_OBJC_WEAK = YES;
				CLANG_WARN_BLOCK_CAPTURE_AUTORELEASING = YES;
				CLANG_WARN_BOOL_CONVERSION = YES;
				CLANG_WARN_COMMA = YES;
				CLANG_WARN_CONSTANT_CONVERSION = YES;
				CLANG_WARN_DEPRECATED_OBJC_IMPLEMENTATIONS = YES;
				CLANG_WARN_DIRECT_OBJC_ISA_USAGE = YES_ERROR;
				CLANG_WARN_DOCUMENTATION_COMMENTS = YES;
				CLANG_WARN_EMPTY_BODY = YES;
				CLANG_WARN_ENUM_CONVERSION = YES;
				CLANG_WARN_INFINITE_RECURSION = YES;
				CLANG_WARN_INT_CONVERSION = YES;
				CLANG_WARN_NON_LITERAL_NULL_CONVERSION = YES;
				CLANG_WARN_OBJC_IMPLICIT_RETAIN_SELF = YES;
				CLANG_WARN_OBJC_LITERAL_CONVERSION = YES;
				CLANG_WARN_OBJC_ROOT_CLASS = YES_ERROR;
				CLANG_WARN_QUOTED_INCLUDE_IN_FRAMEWORK_HEADER = YES;
				CLANG_WARN_RANGE_LOOP_ANALYSIS = YES;
				CLANG_WARN_STRICT_PROTOTYPES = YES;
				CLANG_WARN_SUSPICIOUS_MOVE = YES;
				CLANG_WARN_UNGUARDED_AVAILABILITY = YES_AGGRESSIVE;
				CLANG_WARN_UNREACHABLE_CODE = YES;
				CLANG_WARN__DUPLICATE_METHOD_MATCH = YES;
				COPY_PHASE_STRIP = NO;
				DEBUG_INFORMATION_FORMAT = "dwarf-with-dsym";
				ENABLE_NS_ASSERTIONS = NO;
				ENABLE_STRICT_OBJC_MSGSEND = YES;
				GCC_C_LANGUAGE_STANDARD = gnu11;
				GCC_NO_COMMON_BLOCKS = YES;
				GCC_WARN_64_TO_32_BIT_CONVERSION = YES;
				GCC_WARN_ABOUT_RETURN_TYPE = YES_ERROR;
				GCC_WARN_UNDECLARED_SELECTOR = YES;
				GCC_WARN_UNINITIALIZED_AUTOS = YES_AGGRESSIVE;
				GCC_WARN_UNUSED_FUNCTION = YES;
				GCC_WARN_UNUSED_VARIABLE = YES;
				IPHONEOS_DEPLOYMENT_TARGET = 16.4;
				MTL_ENABLE_DEBUG_INFO = NO;
				MTL_FAST_MATH = YES;
				SDKROOT = iphoneos;
				SWIFT_COMPILATION_MODE = wholemodule;
				SWIFT_OPTIMIZATION_LEVEL = "-O";
				VALIDATE_PRODUCT = YES;
			};
			name = Release;
		};
		456EAE8A2A87952900E085E9 /* Debug */ = {
			isa = XCBuildConfiguration;
			buildSettings = {
				ASSETCATALOG_COMPILER_APPICON_NAME = AppIcon;
				ASSETCATALOG_COMPILER_GLOBAL_ACCENT_COLOR_NAME = AccentColor;
				CODE_SIGN_STYLE = Automatic;
				CURRENT_PROJECT_VERSION = 1;
				GENERATE_INFOPLIST_FILE = YES;
				INFOPLIST_FILE = EssentialApp/Info.plist;
				INFOPLIST_KEY_UIApplicationSupportsIndirectInputEvents = YES;
				INFOPLIST_KEY_UILaunchStoryboardName = LaunchScreen;
				INFOPLIST_KEY_UIMainStoryboardFile = Main;
				INFOPLIST_KEY_UISupportedInterfaceOrientations = UIInterfaceOrientationPortrait;
				IPHONEOS_DEPLOYMENT_TARGET = 14.0;
				LD_RUNPATH_SEARCH_PATHS = (
					"$(inherited)",
					"@executable_path/Frameworks",
				);
				MARKETING_VERSION = 1.0;
				PRODUCT_BUNDLE_IDENTIFIER = bekabeshka.EssentialApp;
				PRODUCT_NAME = "$(TARGET_NAME)";
				SUPPORTED_PLATFORMS = "iphoneos iphonesimulator";
				SUPPORTS_MACCATALYST = NO;
				SUPPORTS_MAC_DESIGNED_FOR_IPHONE_IPAD = YES;
				SWIFT_EMIT_LOC_STRINGS = YES;
				SWIFT_VERSION = 5.0;
				TARGETED_DEVICE_FAMILY = 1;
			};
			name = Debug;
		};
		456EAE8B2A87952900E085E9 /* Release */ = {
			isa = XCBuildConfiguration;
			buildSettings = {
				ASSETCATALOG_COMPILER_APPICON_NAME = AppIcon;
				ASSETCATALOG_COMPILER_GLOBAL_ACCENT_COLOR_NAME = AccentColor;
				CODE_SIGN_STYLE = Automatic;
				CURRENT_PROJECT_VERSION = 1;
				GENERATE_INFOPLIST_FILE = YES;
				INFOPLIST_FILE = EssentialApp/Info.plist;
				INFOPLIST_KEY_UIApplicationSupportsIndirectInputEvents = YES;
				INFOPLIST_KEY_UILaunchStoryboardName = LaunchScreen;
				INFOPLIST_KEY_UIMainStoryboardFile = Main;
				INFOPLIST_KEY_UISupportedInterfaceOrientations = UIInterfaceOrientationPortrait;
				IPHONEOS_DEPLOYMENT_TARGET = 14.0;
				LD_RUNPATH_SEARCH_PATHS = (
					"$(inherited)",
					"@executable_path/Frameworks",
				);
				MARKETING_VERSION = 1.0;
				PRODUCT_BUNDLE_IDENTIFIER = bekabeshka.EssentialApp;
				PRODUCT_NAME = "$(TARGET_NAME)";
				SUPPORTED_PLATFORMS = "iphoneos iphonesimulator";
				SUPPORTS_MACCATALYST = NO;
				SUPPORTS_MAC_DESIGNED_FOR_IPHONE_IPAD = YES;
				SWIFT_EMIT_LOC_STRINGS = YES;
				SWIFT_VERSION = 5.0;
				TARGETED_DEVICE_FAMILY = 1;
			};
			name = Release;
		};
/* End XCBuildConfiguration section */

/* Begin XCConfigurationList section */
		454443EA2AC99B1F00970FA0 /* Build configuration list for PBXNativeTarget "EssentialAppTests" */ = {
			isa = XCConfigurationList;
			buildConfigurations = (
				454443E22AC99B1F00970FA0 /* Debug */,
				454443E32AC99B1F00970FA0 /* Release */,
			);
			defaultConfigurationIsVisible = 0;
			defaultConfigurationName = Release;
		};
		456EAE702A87952700E085E9 /* Build configuration list for PBXProject "EssentialApp" */ = {
			isa = XCConfigurationList;
			buildConfigurations = (
				456EAE872A87952900E085E9 /* Debug */,
				456EAE882A87952900E085E9 /* Release */,
			);
			defaultConfigurationIsVisible = 0;
			defaultConfigurationName = Release;
		};
		456EAE892A87952900E085E9 /* Build configuration list for PBXNativeTarget "EssentialApp" */ = {
			isa = XCConfigurationList;
			buildConfigurations = (
				456EAE8A2A87952900E085E9 /* Debug */,
				456EAE8B2A87952900E085E9 /* Release */,
			);
			defaultConfigurationIsVisible = 0;
			defaultConfigurationName = Release;
		};
/* End XCConfigurationList section */
	};
	rootObject = 456EAE6D2A87952700E085E9 /* Project object */;
}
