// !$*UTF8*$!
{
	archiveVersion = 1;
	classes = {
	};
	objectVersion = 56;
	objects = {

/* Begin PBXBuildFile section */
		4501AC2429E67D8100DD8FB3 /* ValidateFeedCacheUseCaseTests.swift in Sources */ = {isa = PBXBuildFile; fileRef = 4501AC2329E67D8100DD8FB3 /* ValidateFeedCacheUseCaseTests.swift */; };
		4501AC2629E69E9400DD8FB3 /* FeedCacheTestsHelpers.swift in Sources */ = {isa = PBXBuildFile; fileRef = 4501AC2529E69E9400DD8FB3 /* FeedCacheTestsHelpers.swift */; };
		4501AC2829E69F1600DD8FB3 /* SharedTestsHelpers.swift in Sources */ = {isa = PBXBuildFile; fileRef = 4501AC2729E69F1600DD8FB3 /* SharedTestsHelpers.swift */; };
		452CD26C29E7C74900CD8E79 /* FeedCachePolicy.swift in Sources */ = {isa = PBXBuildFile; fileRef = 452CD26B29E7C74900CD8E79 /* FeedCachePolicy.swift */; };
		453DEBBC29EAA4F0002560E3 /* CodableFeedStoreTests.swift in Sources */ = {isa = PBXBuildFile; fileRef = 453DEBBB29EAA4F0002560E3 /* CodableFeedStoreTests.swift */; };
		453DEBBE29EAC4F8002560E3 /* CodableFeedStore.swift in Sources */ = {isa = PBXBuildFile; fileRef = 453DEBBD29EAC4F8002560E3 /* CodableFeedStore.swift */; };
		453DEBC029EACD04002560E3 /* FeedStoreSpecs.swift in Sources */ = {isa = PBXBuildFile; fileRef = 453DEBBF29EACD04002560E3 /* FeedStoreSpecs.swift */; };
		453DEBC529EACFC2002560E3 /* XCTestCase+FailableDeleteFeedStoreSpecs.swift in Sources */ = {isa = PBXBuildFile; fileRef = 453DEBC429EACFC2002560E3 /* XCTestCase+FailableDeleteFeedStoreSpecs.swift */; };
		453DEBC729EACFEB002560E3 /* XCTestCase+FailableInsertFeedStoreSpecs.swift in Sources */ = {isa = PBXBuildFile; fileRef = 453DEBC629EACFEB002560E3 /* XCTestCase+FailableInsertFeedStoreSpecs.swift */; };
		453DEBC929EAD018002560E3 /* XCTestCase+FailableRetrieveFeedStoreSpecs.swift in Sources */ = {isa = PBXBuildFile; fileRef = 453DEBC829EAD018002560E3 /* XCTestCase+FailableRetrieveFeedStoreSpecs.swift */; };
		453DEBCB29EAD03D002560E3 /* XCTestCase+FeedStoreSpecs.swift in Sources */ = {isa = PBXBuildFile; fileRef = 453DEBCA29EAD03D002560E3 /* XCTestCase+FeedStoreSpecs.swift */; };
		453DEBCD29EAD12E002560E3 /* CoreDataFeedStoreTests.swift in Sources */ = {isa = PBXBuildFile; fileRef = 453DEBCC29EAD12E002560E3 /* CoreDataFeedStoreTests.swift */; };
		453DEBCF29EAD216002560E3 /* CoreDataFeedStore.swift in Sources */ = {isa = PBXBuildFile; fileRef = 453DEBCE29EAD216002560E3 /* CoreDataFeedStore.swift */; };
		453DEBD729EAD677002560E3 /* FeedStore.xcdatamodeld in Sources */ = {isa = PBXBuildFile; fileRef = 453DEBD529EAD677002560E3 /* FeedStore.xcdatamodeld */; };
		455E1A7229E1662F0019B7C2 /* CacheFeedUseCaseTests.swift in Sources */ = {isa = PBXBuildFile; fileRef = 455E1A7129E1662F0019B7C2 /* CacheFeedUseCaseTests.swift */; };
		455E1A7529E191220019B7C2 /* FeedStore.swift in Sources */ = {isa = PBXBuildFile; fileRef = 455E1A7429E191220019B7C2 /* FeedStore.swift */; };
		455E1A7729E1913C0019B7C2 /* LocalFeedLoader.swift in Sources */ = {isa = PBXBuildFile; fileRef = 455E1A7629E1913C0019B7C2 /* LocalFeedLoader.swift */; };
		455E1A7929E2A9E50019B7C2 /* RemoteFeedItem.swift in Sources */ = {isa = PBXBuildFile; fileRef = 455E1A7829E2A9E50019B7C2 /* RemoteFeedItem.swift */; };
		455E1A7B29E2AA020019B7C2 /* LocalFeedImage.swift in Sources */ = {isa = PBXBuildFile; fileRef = 455E1A7A29E2AA020019B7C2 /* LocalFeedImage.swift */; };
		455E1A7D29E2BAAA0019B7C2 /* LoadFeedFromCacheUseCaseTests.swift in Sources */ = {isa = PBXBuildFile; fileRef = 455E1A7C29E2BAAA0019B7C2 /* LoadFeedFromCacheUseCaseTests.swift */; };
		455E1A8029E2BB2F0019B7C2 /* FeedStoreSpy.swift in Sources */ = {isa = PBXBuildFile; fileRef = 455E1A7F29E2BB2F0019B7C2 /* FeedStoreSpy.swift */; };
		459D645429A3AF4D00A92ED0 /* EssentialFeed.framework in Frameworks */ = {isa = PBXBuildFile; fileRef = 459D644B29A3AF4D00A92ED0 /* EssentialFeed.framework */; };
		459D645A29A3AF4D00A92ED0 /* EssentialFeed.h in Headers */ = {isa = PBXBuildFile; fileRef = 459D644E29A3AF4D00A92ED0 /* EssentialFeed.h */; settings = {ATTRIBUTES = (Public, ); }; };
		459D646429A3AF8F00A92ED0 /* FeedImage.swift in Sources */ = {isa = PBXBuildFile; fileRef = 459D646329A3AF8F00A92ED0 /* FeedImage.swift */; };
		459D646629A3AFD900A92ED0 /* FeedLoader.swift in Sources */ = {isa = PBXBuildFile; fileRef = 459D646529A3AFD900A92ED0 /* FeedLoader.swift */; };
		459D646929A3B12900A92ED0 /* LoadFeedFromRemoteUseCaseTests.swift in Sources */ = {isa = PBXBuildFile; fileRef = 459D646829A3B12900A92ED0 /* LoadFeedFromRemoteUseCaseTests.swift */; };
		45B0EFAB29AA11A700DF58E8 /* RemoteFeedLoader.swift in Sources */ = {isa = PBXBuildFile; fileRef = 45B0EFAA29AA11A700DF58E8 /* RemoteFeedLoader.swift */; };
		45B0EFAE29AB5A0400DF58E8 /* HTTPClient.swift in Sources */ = {isa = PBXBuildFile; fileRef = 45B0EFAD29AB5A0400DF58E8 /* HTTPClient.swift */; };
		45B0EFB029AB5A1400DF58E8 /* FeedItemsMapper.swift in Sources */ = {isa = PBXBuildFile; fileRef = 45B0EFAF29AB5A1400DF58E8 /* FeedItemsMapper.swift */; };
		45B0EFB329AB72D400DF58E8 /* URLSessionHTTPClientTests.swift in Sources */ = {isa = PBXBuildFile; fileRef = 45B0EFB229AB72D400DF58E8 /* URLSessionHTTPClientTests.swift */; };
		45B0EFB629AB834E00DF58E8 /* XCTTestCase+MemoryLeakTracking.swift in Sources */ = {isa = PBXBuildFile; fileRef = 45B0EFB529AB834E00DF58E8 /* XCTTestCase+MemoryLeakTracking.swift */; };
		45B0EFB829AB849C00DF58E8 /* URLSessionHTTPClient.swift in Sources */ = {isa = PBXBuildFile; fileRef = 45B0EFB729AB849C00DF58E8 /* URLSessionHTTPClient.swift */; };
		45B0EFC029AB89BD00DF58E8 /* EssentialFeedAPIEndToEndTests.swift in Sources */ = {isa = PBXBuildFile; fileRef = 45B0EFBF29AB89BD00DF58E8 /* EssentialFeedAPIEndToEndTests.swift */; };
		45B0EFC129AB89BD00DF58E8 /* EssentialFeed.framework in Frameworks */ = {isa = PBXBuildFile; fileRef = 459D644B29A3AF4D00A92ED0 /* EssentialFeed.framework */; };
		45B0EFC729AB8DD900DF58E8 /* XCTTestCase+MemoryLeakTracking.swift in Sources */ = {isa = PBXBuildFile; fileRef = 45B0EFB529AB834E00DF58E8 /* XCTTestCase+MemoryLeakTracking.swift */; };
/* End PBXBuildFile section */

/* Begin PBXContainerItemProxy section */
		459D645529A3AF4D00A92ED0 /* PBXContainerItemProxy */ = {
			isa = PBXContainerItemProxy;
			containerPortal = 459D644229A3AF4D00A92ED0 /* Project object */;
			proxyType = 1;
			remoteGlobalIDString = 459D644A29A3AF4D00A92ED0;
			remoteInfo = EssentialFeed;
		};
		45B0EFC229AB89BD00DF58E8 /* PBXContainerItemProxy */ = {
			isa = PBXContainerItemProxy;
			containerPortal = 459D644229A3AF4D00A92ED0 /* Project object */;
			proxyType = 1;
			remoteGlobalIDString = 459D644A29A3AF4D00A92ED0;
			remoteInfo = EssentialFeed;
		};
/* End PBXContainerItemProxy section */

/* Begin PBXFileReference section */
		4501AC2329E67D8100DD8FB3 /* ValidateFeedCacheUseCaseTests.swift */ = {isa = PBXFileReference; lastKnownFileType = sourcecode.swift; path = ValidateFeedCacheUseCaseTests.swift; sourceTree = "<group>"; };
		4501AC2529E69E9400DD8FB3 /* FeedCacheTestsHelpers.swift */ = {isa = PBXFileReference; lastKnownFileType = sourcecode.swift; path = FeedCacheTestsHelpers.swift; sourceTree = "<group>"; };
		4501AC2729E69F1600DD8FB3 /* SharedTestsHelpers.swift */ = {isa = PBXFileReference; lastKnownFileType = sourcecode.swift; path = SharedTestsHelpers.swift; sourceTree = "<group>"; };
		452CD26B29E7C74900CD8E79 /* FeedCachePolicy.swift */ = {isa = PBXFileReference; lastKnownFileType = sourcecode.swift; path = FeedCachePolicy.swift; sourceTree = "<group>"; };
		453DEBBB29EAA4F0002560E3 /* CodableFeedStoreTests.swift */ = {isa = PBXFileReference; lastKnownFileType = sourcecode.swift; path = CodableFeedStoreTests.swift; sourceTree = "<group>"; };
		453DEBBD29EAC4F8002560E3 /* CodableFeedStore.swift */ = {isa = PBXFileReference; lastKnownFileType = sourcecode.swift; path = CodableFeedStore.swift; sourceTree = "<group>"; };
		453DEBBF29EACD04002560E3 /* FeedStoreSpecs.swift */ = {isa = PBXFileReference; lastKnownFileType = sourcecode.swift; path = FeedStoreSpecs.swift; sourceTree = "<group>"; };
		453DEBC429EACFC2002560E3 /* XCTestCase+FailableDeleteFeedStoreSpecs.swift */ = {isa = PBXFileReference; lastKnownFileType = sourcecode.swift; path = "XCTestCase+FailableDeleteFeedStoreSpecs.swift"; sourceTree = "<group>"; };
		453DEBC629EACFEB002560E3 /* XCTestCase+FailableInsertFeedStoreSpecs.swift */ = {isa = PBXFileReference; lastKnownFileType = sourcecode.swift; path = "XCTestCase+FailableInsertFeedStoreSpecs.swift"; sourceTree = "<group>"; };
		453DEBC829EAD018002560E3 /* XCTestCase+FailableRetrieveFeedStoreSpecs.swift */ = {isa = PBXFileReference; lastKnownFileType = sourcecode.swift; path = "XCTestCase+FailableRetrieveFeedStoreSpecs.swift"; sourceTree = "<group>"; };
		453DEBCA29EAD03D002560E3 /* XCTestCase+FeedStoreSpecs.swift */ = {isa = PBXFileReference; lastKnownFileType = sourcecode.swift; path = "XCTestCase+FeedStoreSpecs.swift"; sourceTree = "<group>"; };
		453DEBCC29EAD12E002560E3 /* CoreDataFeedStoreTests.swift */ = {isa = PBXFileReference; lastKnownFileType = sourcecode.swift; path = CoreDataFeedStoreTests.swift; sourceTree = "<group>"; };
		453DEBCE29EAD216002560E3 /* CoreDataFeedStore.swift */ = {isa = PBXFileReference; lastKnownFileType = sourcecode.swift; path = CoreDataFeedStore.swift; sourceTree = "<group>"; };
		453DEBD629EAD677002560E3 /* FeedStore.xcdatamodel */ = {isa = PBXFileReference; lastKnownFileType = wrapper.xcdatamodel; path = FeedStore.xcdatamodel; sourceTree = "<group>"; };
		455E1A7129E1662F0019B7C2 /* CacheFeedUseCaseTests.swift */ = {isa = PBXFileReference; lastKnownFileType = sourcecode.swift; path = CacheFeedUseCaseTests.swift; sourceTree = "<group>"; };
		455E1A7429E191220019B7C2 /* FeedStore.swift */ = {isa = PBXFileReference; lastKnownFileType = sourcecode.swift; path = FeedStore.swift; sourceTree = "<group>"; };
		455E1A7629E1913C0019B7C2 /* LocalFeedLoader.swift */ = {isa = PBXFileReference; lastKnownFileType = sourcecode.swift; path = LocalFeedLoader.swift; sourceTree = "<group>"; };
		455E1A7829E2A9E50019B7C2 /* RemoteFeedItem.swift */ = {isa = PBXFileReference; lastKnownFileType = sourcecode.swift; path = RemoteFeedItem.swift; sourceTree = "<group>"; };
		455E1A7A29E2AA020019B7C2 /* LocalFeedImage.swift */ = {isa = PBXFileReference; lastKnownFileType = sourcecode.swift; path = LocalFeedImage.swift; sourceTree = "<group>"; };
		455E1A7C29E2BAAA0019B7C2 /* LoadFeedFromCacheUseCaseTests.swift */ = {isa = PBXFileReference; lastKnownFileType = sourcecode.swift; path = LoadFeedFromCacheUseCaseTests.swift; sourceTree = "<group>"; };
		455E1A7F29E2BB2F0019B7C2 /* FeedStoreSpy.swift */ = {isa = PBXFileReference; lastKnownFileType = sourcecode.swift; path = FeedStoreSpy.swift; sourceTree = "<group>"; };
		459D644B29A3AF4D00A92ED0 /* EssentialFeed.framework */ = {isa = PBXFileReference; explicitFileType = wrapper.framework; includeInIndex = 0; path = EssentialFeed.framework; sourceTree = BUILT_PRODUCTS_DIR; };
		459D644E29A3AF4D00A92ED0 /* EssentialFeed.h */ = {isa = PBXFileReference; lastKnownFileType = sourcecode.c.h; path = EssentialFeed.h; sourceTree = "<group>"; };
		459D645329A3AF4D00A92ED0 /* EssentialFeedTests.xctest */ = {isa = PBXFileReference; explicitFileType = wrapper.cfbundle; includeInIndex = 0; path = EssentialFeedTests.xctest; sourceTree = BUILT_PRODUCTS_DIR; };
		459D646329A3AF8F00A92ED0 /* FeedImage.swift */ = {isa = PBXFileReference; lastKnownFileType = sourcecode.swift; path = FeedImage.swift; sourceTree = "<group>"; };
		459D646529A3AFD900A92ED0 /* FeedLoader.swift */ = {isa = PBXFileReference; lastKnownFileType = sourcecode.swift; path = FeedLoader.swift; sourceTree = "<group>"; };
		459D646829A3B12900A92ED0 /* LoadFeedFromRemoteUseCaseTests.swift */ = {isa = PBXFileReference; lastKnownFileType = sourcecode.swift; path = LoadFeedFromRemoteUseCaseTests.swift; sourceTree = "<group>"; };
		45B0EFAA29AA11A700DF58E8 /* RemoteFeedLoader.swift */ = {isa = PBXFileReference; lastKnownFileType = sourcecode.swift; path = RemoteFeedLoader.swift; sourceTree = "<group>"; };
		45B0EFAD29AB5A0400DF58E8 /* HTTPClient.swift */ = {isa = PBXFileReference; lastKnownFileType = sourcecode.swift; path = HTTPClient.swift; sourceTree = "<group>"; };
		45B0EFAF29AB5A1400DF58E8 /* FeedItemsMapper.swift */ = {isa = PBXFileReference; lastKnownFileType = sourcecode.swift; path = FeedItemsMapper.swift; sourceTree = "<group>"; };
		45B0EFB229AB72D400DF58E8 /* URLSessionHTTPClientTests.swift */ = {isa = PBXFileReference; lastKnownFileType = sourcecode.swift; path = URLSessionHTTPClientTests.swift; sourceTree = "<group>"; };
		45B0EFB529AB834E00DF58E8 /* XCTTestCase+MemoryLeakTracking.swift */ = {isa = PBXFileReference; lastKnownFileType = sourcecode.swift; path = "XCTTestCase+MemoryLeakTracking.swift"; sourceTree = "<group>"; };
		45B0EFB729AB849C00DF58E8 /* URLSessionHTTPClient.swift */ = {isa = PBXFileReference; lastKnownFileType = sourcecode.swift; path = URLSessionHTTPClient.swift; sourceTree = "<group>"; };
		45B0EFBD29AB89BD00DF58E8 /* EssentialFeedAPIEndToEndTests.xctest */ = {isa = PBXFileReference; explicitFileType = wrapper.cfbundle; includeInIndex = 0; path = EssentialFeedAPIEndToEndTests.xctest; sourceTree = BUILT_PRODUCTS_DIR; };
		45B0EFBF29AB89BD00DF58E8 /* EssentialFeedAPIEndToEndTests.swift */ = {isa = PBXFileReference; lastKnownFileType = sourcecode.swift; path = EssentialFeedAPIEndToEndTests.swift; sourceTree = "<group>"; };
/* End PBXFileReference section */

/* Begin PBXFrameworksBuildPhase section */
		459D644829A3AF4D00A92ED0 /* Frameworks */ = {
			isa = PBXFrameworksBuildPhase;
			buildActionMask = 2147483647;
			files = (
			);
			runOnlyForDeploymentPostprocessing = 0;
		};
		459D645029A3AF4D00A92ED0 /* Frameworks */ = {
			isa = PBXFrameworksBuildPhase;
			buildActionMask = 2147483647;
			files = (
				459D645429A3AF4D00A92ED0 /* EssentialFeed.framework in Frameworks */,
			);
			runOnlyForDeploymentPostprocessing = 0;
		};
		45B0EFBA29AB89BD00DF58E8 /* Frameworks */ = {
			isa = PBXFrameworksBuildPhase;
			buildActionMask = 2147483647;
			files = (
				45B0EFC129AB89BD00DF58E8 /* EssentialFeed.framework in Frameworks */,
			);
			runOnlyForDeploymentPostprocessing = 0;
		};
/* End PBXFrameworksBuildPhase section */

/* Begin PBXGroup section */
		453DEBC329EACF9E002560E3 /* FeedStoreSpecs */ = {
			isa = PBXGroup;
			children = (
				453DEBBF29EACD04002560E3 /* FeedStoreSpecs.swift */,
				453DEBC429EACFC2002560E3 /* XCTestCase+FailableDeleteFeedStoreSpecs.swift */,
				453DEBC629EACFEB002560E3 /* XCTestCase+FailableInsertFeedStoreSpecs.swift */,
				453DEBCA29EAD03D002560E3 /* XCTestCase+FeedStoreSpecs.swift */,
				453DEBC829EAD018002560E3 /* XCTestCase+FailableRetrieveFeedStoreSpecs.swift */,
			);
			path = FeedStoreSpecs;
			sourceTree = "<group>";
		};
		453DEBD029EAD54F002560E3 /* Infrastructure */ = {
			isa = PBXGroup;
			children = (
				453DEBD229EAD581002560E3 /* CoreData */,
				453DEBD129EAD56F002560E3 /* Codable */,
			);
			path = Infrastructure;
			sourceTree = "<group>";
		};
		453DEBD129EAD56F002560E3 /* Codable */ = {
			isa = PBXGroup;
			children = (
				453DEBBD29EAC4F8002560E3 /* CodableFeedStore.swift */,
			);
			path = Codable;
			sourceTree = "<group>";
		};
		453DEBD229EAD581002560E3 /* CoreData */ = {
			isa = PBXGroup;
			children = (
				453DEBD529EAD677002560E3 /* FeedStore.xcdatamodeld */,
				453DEBCE29EAD216002560E3 /* CoreDataFeedStore.swift */,
			);
			path = CoreData;
			sourceTree = "<group>";
		};
		455E1A7029E166130019B7C2 /* FeedCache */ = {
			isa = PBXGroup;
			children = (
				453DEBC329EACF9E002560E3 /* FeedStoreSpecs */,
				455E1A7E29E2BB270019B7C2 /* Helpers */,
				455E1A7129E1662F0019B7C2 /* CacheFeedUseCaseTests.swift */,
				455E1A7C29E2BAAA0019B7C2 /* LoadFeedFromCacheUseCaseTests.swift */,
				4501AC2329E67D8100DD8FB3 /* ValidateFeedCacheUseCaseTests.swift */,
				453DEBBB29EAA4F0002560E3 /* CodableFeedStoreTests.swift */,
				453DEBCC29EAD12E002560E3 /* CoreDataFeedStoreTests.swift */,
			);
			path = FeedCache;
			sourceTree = "<group>";
		};
		455E1A7329E191120019B7C2 /* FeedCache */ = {
			isa = PBXGroup;
			children = (
				453DEBD029EAD54F002560E3 /* Infrastructure */,
				455E1A7429E191220019B7C2 /* FeedStore.swift */,
				455E1A7A29E2AA020019B7C2 /* LocalFeedImage.swift */,
				455E1A7629E1913C0019B7C2 /* LocalFeedLoader.swift */,
				452CD26B29E7C74900CD8E79 /* FeedCachePolicy.swift */,
			);
			path = FeedCache;
			sourceTree = "<group>";
		};
		455E1A7E29E2BB270019B7C2 /* Helpers */ = {
			isa = PBXGroup;
			children = (
				455E1A7F29E2BB2F0019B7C2 /* FeedStoreSpy.swift */,
				4501AC2529E69E9400DD8FB3 /* FeedCacheTestsHelpers.swift */,
			);
			path = Helpers;
			sourceTree = "<group>";
		};
		459D644129A3AF4D00A92ED0 = {
			isa = PBXGroup;
			children = (
				459D644D29A3AF4D00A92ED0 /* EssentialFeed */,
				459D645729A3AF4D00A92ED0 /* EssentialFeedTests */,
				45B0EFBE29AB89BD00DF58E8 /* EssentialFeedAPIEndToEndTests */,
				459D644C29A3AF4D00A92ED0 /* Products */,
			);
			sourceTree = "<group>";
		};
		459D644C29A3AF4D00A92ED0 /* Products */ = {
			isa = PBXGroup;
			children = (
				459D644B29A3AF4D00A92ED0 /* EssentialFeed.framework */,
				459D645329A3AF4D00A92ED0 /* EssentialFeedTests.xctest */,
				45B0EFBD29AB89BD00DF58E8 /* EssentialFeedAPIEndToEndTests.xctest */,
			);
			name = Products;
			sourceTree = "<group>";
		};
		459D644D29A3AF4D00A92ED0 /* EssentialFeed */ = {
			isa = PBXGroup;
			children = (
				459D644E29A3AF4D00A92ED0 /* EssentialFeed.h */,
				455E1A7329E191120019B7C2 /* FeedCache */,
				459D646729A3B06300A92ED0 /* FeedFeature */,
				45B0EFAC29AA11BC00DF58E8 /* FeedAPI */,
			);
			path = EssentialFeed;
			sourceTree = "<group>";
		};
		459D645729A3AF4D00A92ED0 /* EssentialFeedTests */ = {
			isa = PBXGroup;
			children = (
				45B0EFB429AB833400DF58E8 /* Helpers */,
				455E1A7029E166130019B7C2 /* FeedCache */,
				45B0EFB129AB5E0C00DF58E8 /* FeedAPI */,
			);
			path = EssentialFeedTests;
			sourceTree = "<group>";
		};
		459D646729A3B06300A92ED0 /* FeedFeature */ = {
			isa = PBXGroup;
			children = (
				459D646329A3AF8F00A92ED0 /* FeedImage.swift */,
				459D646529A3AFD900A92ED0 /* FeedLoader.swift */,
			);
			path = FeedFeature;
			sourceTree = "<group>";
		};
		45B0EFAC29AA11BC00DF58E8 /* FeedAPI */ = {
			isa = PBXGroup;
			children = (
				45B0EFAA29AA11A700DF58E8 /* RemoteFeedLoader.swift */,
				45B0EFAD29AB5A0400DF58E8 /* HTTPClient.swift */,
				45B0EFAF29AB5A1400DF58E8 /* FeedItemsMapper.swift */,
				455E1A7829E2A9E50019B7C2 /* RemoteFeedItem.swift */,
				45B0EFB729AB849C00DF58E8 /* URLSessionHTTPClient.swift */,
			);
			path = FeedAPI;
			sourceTree = "<group>";
		};
		45B0EFB129AB5E0C00DF58E8 /* FeedAPI */ = {
			isa = PBXGroup;
			children = (
				459D646829A3B12900A92ED0 /* LoadFeedFromRemoteUseCaseTests.swift */,
				45B0EFB229AB72D400DF58E8 /* URLSessionHTTPClientTests.swift */,
			);
			path = FeedAPI;
			sourceTree = "<group>";
		};
		45B0EFB429AB833400DF58E8 /* Helpers */ = {
			isa = PBXGroup;
			children = (
				45B0EFB529AB834E00DF58E8 /* XCTTestCase+MemoryLeakTracking.swift */,
				4501AC2729E69F1600DD8FB3 /* SharedTestsHelpers.swift */,
			);
			path = Helpers;
			sourceTree = "<group>";
		};
		45B0EFBE29AB89BD00DF58E8 /* EssentialFeedAPIEndToEndTests */ = {
			isa = PBXGroup;
			children = (
				45B0EFBF29AB89BD00DF58E8 /* EssentialFeedAPIEndToEndTests.swift */,
			);
			path = EssentialFeedAPIEndToEndTests;
			sourceTree = "<group>";
		};
/* End PBXGroup section */

/* Begin PBXHeadersBuildPhase section */
		459D644629A3AF4D00A92ED0 /* Headers */ = {
			isa = PBXHeadersBuildPhase;
			buildActionMask = 2147483647;
			files = (
				459D645A29A3AF4D00A92ED0 /* EssentialFeed.h in Headers */,
			);
			runOnlyForDeploymentPostprocessing = 0;
		};
/* End PBXHeadersBuildPhase section */

/* Begin PBXNativeTarget section */
		459D644A29A3AF4D00A92ED0 /* EssentialFeed */ = {
			isa = PBXNativeTarget;
			buildConfigurationList = 459D645D29A3AF4D00A92ED0 /* Build configuration list for PBXNativeTarget "EssentialFeed" */;
			buildPhases = (
				459D644629A3AF4D00A92ED0 /* Headers */,
				459D644729A3AF4D00A92ED0 /* Sources */,
				459D644829A3AF4D00A92ED0 /* Frameworks */,
				459D644929A3AF4D00A92ED0 /* Resources */,
			);
			buildRules = (
			);
			dependencies = (
			);
			name = EssentialFeed;
			productName = EssentialFeed;
			productReference = 459D644B29A3AF4D00A92ED0 /* EssentialFeed.framework */;
			productType = "com.apple.product-type.framework";
		};
		459D645229A3AF4D00A92ED0 /* EssentialFeedTests */ = {
			isa = PBXNativeTarget;
			buildConfigurationList = 459D646029A3AF4D00A92ED0 /* Build configuration list for PBXNativeTarget "EssentialFeedTests" */;
			buildPhases = (
				459D644F29A3AF4D00A92ED0 /* Sources */,
				459D645029A3AF4D00A92ED0 /* Frameworks */,
				459D645129A3AF4D00A92ED0 /* Resources */,
			);
			buildRules = (
			);
			dependencies = (
				459D645629A3AF4D00A92ED0 /* PBXTargetDependency */,
			);
			name = EssentialFeedTests;
			productName = EssentialFeedTests;
			productReference = 459D645329A3AF4D00A92ED0 /* EssentialFeedTests.xctest */;
			productType = "com.apple.product-type.bundle.unit-test";
		};
		45B0EFBC29AB89BD00DF58E8 /* EssentialFeedAPIEndToEndTests */ = {
			isa = PBXNativeTarget;
			buildConfigurationList = 45B0EFC429AB89BD00DF58E8 /* Build configuration list for PBXNativeTarget "EssentialFeedAPIEndToEndTests" */;
			buildPhases = (
				45B0EFB929AB89BD00DF58E8 /* Sources */,
				45B0EFBA29AB89BD00DF58E8 /* Frameworks */,
				45B0EFBB29AB89BD00DF58E8 /* Resources */,
			);
			buildRules = (
			);
			dependencies = (
				45B0EFC329AB89BD00DF58E8 /* PBXTargetDependency */,
			);
			name = EssentialFeedAPIEndToEndTests;
			productName = EssentialFeedAPIEndToEndTests;
			productReference = 45B0EFBD29AB89BD00DF58E8 /* EssentialFeedAPIEndToEndTests.xctest */;
			productType = "com.apple.product-type.bundle.unit-test";
		};
/* End PBXNativeTarget section */

/* Begin PBXProject section */
		459D644229A3AF4D00A92ED0 /* Project object */ = {
			isa = PBXProject;
			attributes = {
				BuildIndependentTargetsInParallel = 1;
				LastSwiftUpdateCheck = 1420;
				LastUpgradeCheck = 1420;
				TargetAttributes = {
					459D644A29A3AF4D00A92ED0 = {
						CreatedOnToolsVersion = 14.2;
						LastSwiftMigration = 1420;
					};
					459D645229A3AF4D00A92ED0 = {
						CreatedOnToolsVersion = 14.2;
					};
					45B0EFBC29AB89BD00DF58E8 = {
						CreatedOnToolsVersion = 14.2;
					};
				};
			};
			buildConfigurationList = 459D644529A3AF4D00A92ED0 /* Build configuration list for PBXProject "EssentialFeed" */;
			compatibilityVersion = "Xcode 14.0";
			developmentRegion = en;
			hasScannedForEncodings = 0;
			knownRegions = (
				en,
				Base,
			);
			mainGroup = 459D644129A3AF4D00A92ED0;
			productRefGroup = 459D644C29A3AF4D00A92ED0 /* Products */;
			projectDirPath = "";
			projectRoot = "";
			targets = (
				459D644A29A3AF4D00A92ED0 /* EssentialFeed */,
				459D645229A3AF4D00A92ED0 /* EssentialFeedTests */,
				45B0EFBC29AB89BD00DF58E8 /* EssentialFeedAPIEndToEndTests */,
			);
		};
/* End PBXProject section */

/* Begin PBXResourcesBuildPhase section */
		459D644929A3AF4D00A92ED0 /* Resources */ = {
			isa = PBXResourcesBuildPhase;
			buildActionMask = 2147483647;
			files = (
			);
			runOnlyForDeploymentPostprocessing = 0;
		};
		459D645129A3AF4D00A92ED0 /* Resources */ = {
			isa = PBXResourcesBuildPhase;
			buildActionMask = 2147483647;
			files = (
			);
			runOnlyForDeploymentPostprocessing = 0;
		};
		45B0EFBB29AB89BD00DF58E8 /* Resources */ = {
			isa = PBXResourcesBuildPhase;
			buildActionMask = 2147483647;
			files = (
			);
			runOnlyForDeploymentPostprocessing = 0;
		};
/* End PBXResourcesBuildPhase section */

/* Begin PBXSourcesBuildPhase section */
		459D644729A3AF4D00A92ED0 /* Sources */ = {
			isa = PBXSourcesBuildPhase;
			buildActionMask = 2147483647;
			files = (
				45B0EFB029AB5A1400DF58E8 /* FeedItemsMapper.swift in Sources */,
				459D646629A3AFD900A92ED0 /* FeedLoader.swift in Sources */,
				455E1A7929E2A9E50019B7C2 /* RemoteFeedItem.swift in Sources */,
				452CD26C29E7C74900CD8E79 /* FeedCachePolicy.swift in Sources */,
				45B0EFAB29AA11A700DF58E8 /* RemoteFeedLoader.swift in Sources */,
				453DEBD729EAD677002560E3 /* FeedStore.xcdatamodeld in Sources */,
				455E1A7B29E2AA020019B7C2 /* LocalFeedImage.swift in Sources */,
				45B0EFAE29AB5A0400DF58E8 /* HTTPClient.swift in Sources */,
				455E1A7529E191220019B7C2 /* FeedStore.swift in Sources */,
				453DEBBE29EAC4F8002560E3 /* CodableFeedStore.swift in Sources */,
				459D646429A3AF8F00A92ED0 /* FeedImage.swift in Sources */,
				455E1A7729E1913C0019B7C2 /* LocalFeedLoader.swift in Sources */,
				45B0EFB829AB849C00DF58E8 /* URLSessionHTTPClient.swift in Sources */,
				453DEBCF29EAD216002560E3 /* CoreDataFeedStore.swift in Sources */,
			);
			runOnlyForDeploymentPostprocessing = 0;
		};
		459D644F29A3AF4D00A92ED0 /* Sources */ = {
			isa = PBXSourcesBuildPhase;
			buildActionMask = 2147483647;
			files = (
				453DEBBC29EAA4F0002560E3 /* CodableFeedStoreTests.swift in Sources */,
				453DEBC529EACFC2002560E3 /* XCTestCase+FailableDeleteFeedStoreSpecs.swift in Sources */,
				4501AC2429E67D8100DD8FB3 /* ValidateFeedCacheUseCaseTests.swift in Sources */,
				453DEBC029EACD04002560E3 /* FeedStoreSpecs.swift in Sources */,
				453DEBC729EACFEB002560E3 /* XCTestCase+FailableInsertFeedStoreSpecs.swift in Sources */,
				459D646929A3B12900A92ED0 /* LoadFeedFromRemoteUseCaseTests.swift in Sources */,
				45B0EFB329AB72D400DF58E8 /* URLSessionHTTPClientTests.swift in Sources */,
				453DEBC929EAD018002560E3 /* XCTestCase+FailableRetrieveFeedStoreSpecs.swift in Sources */,
				4501AC2829E69F1600DD8FB3 /* SharedTestsHelpers.swift in Sources */,
				455E1A8029E2BB2F0019B7C2 /* FeedStoreSpy.swift in Sources */,
				4501AC2629E69E9400DD8FB3 /* FeedCacheTestsHelpers.swift in Sources */,
				453DEBCB29EAD03D002560E3 /* XCTestCase+FeedStoreSpecs.swift in Sources */,
				455E1A7229E1662F0019B7C2 /* CacheFeedUseCaseTests.swift in Sources */,
				455E1A7D29E2BAAA0019B7C2 /* LoadFeedFromCacheUseCaseTests.swift in Sources */,
				453DEBCD29EAD12E002560E3 /* CoreDataFeedStoreTests.swift in Sources */,
				45B0EFB629AB834E00DF58E8 /* XCTTestCase+MemoryLeakTracking.swift in Sources */,
			);
			runOnlyForDeploymentPostprocessing = 0;
		};
		45B0EFB929AB89BD00DF58E8 /* Sources */ = {
			isa = PBXSourcesBuildPhase;
			buildActionMask = 2147483647;
			files = (
				45B0EFC729AB8DD900DF58E8 /* XCTTestCase+MemoryLeakTracking.swift in Sources */,
				45B0EFC029AB89BD00DF58E8 /* EssentialFeedAPIEndToEndTests.swift in Sources */,
			);
			runOnlyForDeploymentPostprocessing = 0;
		};
/* End PBXSourcesBuildPhase section */

/* Begin PBXTargetDependency section */
		459D645629A3AF4D00A92ED0 /* PBXTargetDependency */ = {
			isa = PBXTargetDependency;
			target = 459D644A29A3AF4D00A92ED0 /* EssentialFeed */;
			targetProxy = 459D645529A3AF4D00A92ED0 /* PBXContainerItemProxy */;
		};
		45B0EFC329AB89BD00DF58E8 /* PBXTargetDependency */ = {
			isa = PBXTargetDependency;
			target = 459D644A29A3AF4D00A92ED0 /* EssentialFeed */;
			targetProxy = 45B0EFC229AB89BD00DF58E8 /* PBXContainerItemProxy */;
		};
/* End PBXTargetDependency section */

/* Begin XCBuildConfiguration section */
		459D645B29A3AF4D00A92ED0 /* Debug */ = {
			isa = XCBuildConfiguration;
			buildSettings = {
				ALWAYS_SEARCH_USER_PATHS = NO;
				CLANG_ANALYZER_NONNULL = YES;
				CLANG_ANALYZER_NUMBER_OBJECT_CONVERSION = YES_AGGRESSIVE;
				CLANG_CXX_LANGUAGE_STANDARD = "gnu++20";
				CLANG_ENABLE_MODULES = YES;
				CLANG_ENABLE_OBJC_ARC = YES;
				CLANG_ENABLE_OBJC_WEAK = YES;
				CLANG_WARN_BLOCK_CAPTURE_AUTORELEASING = YES;
				CLANG_WARN_BOOL_CONVERSION = YES;
				CLANG_WARN_COMMA = YES;
				CLANG_WARN_CONSTANT_CONVERSION = YES;
				CLANG_WARN_DEPRECATED_OBJC_IMPLEMENTATIONS = YES;
				CLANG_WARN_DIRECT_OBJC_ISA_USAGE = YES_ERROR;
				CLANG_WARN_DOCUMENTATION_COMMENTS = YES;
				CLANG_WARN_EMPTY_BODY = YES;
				CLANG_WARN_ENUM_CONVERSION = YES;
				CLANG_WARN_INFINITE_RECURSION = YES;
				CLANG_WARN_INT_CONVERSION = YES;
				CLANG_WARN_NON_LITERAL_NULL_CONVERSION = YES;
				CLANG_WARN_OBJC_IMPLICIT_RETAIN_SELF = YES;
				CLANG_WARN_OBJC_LITERAL_CONVERSION = YES;
				CLANG_WARN_OBJC_ROOT_CLASS = YES_ERROR;
				CLANG_WARN_QUOTED_INCLUDE_IN_FRAMEWORK_HEADER = YES;
				CLANG_WARN_RANGE_LOOP_ANALYSIS = YES;
				CLANG_WARN_STRICT_PROTOTYPES = YES;
				CLANG_WARN_SUSPICIOUS_MOVE = YES;
				CLANG_WARN_UNGUARDED_AVAILABILITY = YES_AGGRESSIVE;
				CLANG_WARN_UNREACHABLE_CODE = YES;
				CLANG_WARN__DUPLICATE_METHOD_MATCH = YES;
				COPY_PHASE_STRIP = NO;
				CURRENT_PROJECT_VERSION = 1;
				DEBUG_INFORMATION_FORMAT = dwarf;
				ENABLE_STRICT_OBJC_MSGSEND = YES;
				ENABLE_TESTABILITY = YES;
				GCC_C_LANGUAGE_STANDARD = gnu11;
				GCC_DYNAMIC_NO_PIC = NO;
				GCC_NO_COMMON_BLOCKS = YES;
				GCC_OPTIMIZATION_LEVEL = 0;
				GCC_PREPROCESSOR_DEFINITIONS = (
					"DEBUG=1",
					"$(inherited)",
				);
				GCC_WARN_64_TO_32_BIT_CONVERSION = YES;
				GCC_WARN_ABOUT_RETURN_TYPE = YES_ERROR;
				GCC_WARN_UNDECLARED_SELECTOR = YES;
				GCC_WARN_UNINITIALIZED_AUTOS = YES_AGGRESSIVE;
				GCC_WARN_UNUSED_FUNCTION = YES;
				GCC_WARN_UNUSED_VARIABLE = YES;
				MACOSX_DEPLOYMENT_TARGET = 12.6;
				MTL_ENABLE_DEBUG_INFO = INCLUDE_SOURCE;
				MTL_FAST_MATH = YES;
				ONLY_ACTIVE_ARCH = YES;
				SDKROOT = macosx;
				SWIFT_ACTIVE_COMPILATION_CONDITIONS = DEBUG;
				SWIFT_OPTIMIZATION_LEVEL = "-Onone";
				VERSIONING_SYSTEM = "apple-generic";
				VERSION_INFO_PREFIX = "";
			};
			name = Debug;
		};
		459D645C29A3AF4D00A92ED0 /* Release */ = {
			isa = XCBuildConfiguration;
			buildSettings = {
				ALWAYS_SEARCH_USER_PATHS = NO;
				CLANG_ANALYZER_NONNULL = YES;
				CLANG_ANALYZER_NUMBER_OBJECT_CONVERSION = YES_AGGRESSIVE;
				CLANG_CXX_LANGUAGE_STANDARD = "gnu++20";
				CLANG_ENABLE_MODULES = YES;
				CLANG_ENABLE_OBJC_ARC = YES;
				CLANG_ENABLE_OBJC_WEAK = YES;
				CLANG_WARN_BLOCK_CAPTURE_AUTORELEASING = YES;
				CLANG_WARN_BOOL_CONVERSION = YES;
				CLANG_WARN_COMMA = YES;
				CLANG_WARN_CONSTANT_CONVERSION = YES;
				CLANG_WARN_DEPRECATED_OBJC_IMPLEMENTATIONS = YES;
				CLANG_WARN_DIRECT_OBJC_ISA_USAGE = YES_ERROR;
				CLANG_WARN_DOCUMENTATION_COMMENTS = YES;
				CLANG_WARN_EMPTY_BODY = YES;
				CLANG_WARN_ENUM_CONVERSION = YES;
				CLANG_WARN_INFINITE_RECURSION = YES;
				CLANG_WARN_INT_CONVERSION = YES;
				CLANG_WARN_NON_LITERAL_NULL_CONVERSION = YES;
				CLANG_WARN_OBJC_IMPLICIT_RETAIN_SELF = YES;
				CLANG_WARN_OBJC_LITERAL_CONVERSION = YES;
				CLANG_WARN_OBJC_ROOT_CLASS = YES_ERROR;
				CLANG_WARN_QUOTED_INCLUDE_IN_FRAMEWORK_HEADER = YES;
				CLANG_WARN_RANGE_LOOP_ANALYSIS = YES;
				CLANG_WARN_STRICT_PROTOTYPES = YES;
				CLANG_WARN_SUSPICIOUS_MOVE = YES;
				CLANG_WARN_UNGUARDED_AVAILABILITY = YES_AGGRESSIVE;
				CLANG_WARN_UNREACHABLE_CODE = YES;
				CLANG_WARN__DUPLICATE_METHOD_MATCH = YES;
				COPY_PHASE_STRIP = NO;
				CURRENT_PROJECT_VERSION = 1;
				DEBUG_INFORMATION_FORMAT = "dwarf-with-dsym";
				ENABLE_NS_ASSERTIONS = NO;
				ENABLE_STRICT_OBJC_MSGSEND = YES;
				GCC_C_LANGUAGE_STANDARD = gnu11;
				GCC_NO_COMMON_BLOCKS = YES;
				GCC_WARN_64_TO_32_BIT_CONVERSION = YES;
				GCC_WARN_ABOUT_RETURN_TYPE = YES_ERROR;
				GCC_WARN_UNDECLARED_SELECTOR = YES;
				GCC_WARN_UNINITIALIZED_AUTOS = YES_AGGRESSIVE;
				GCC_WARN_UNUSED_FUNCTION = YES;
				GCC_WARN_UNUSED_VARIABLE = YES;
				MACOSX_DEPLOYMENT_TARGET = 12.6;
				MTL_ENABLE_DEBUG_INFO = NO;
				MTL_FAST_MATH = YES;
				SDKROOT = macosx;
				SWIFT_COMPILATION_MODE = wholemodule;
				SWIFT_OPTIMIZATION_LEVEL = "-O";
				VERSIONING_SYSTEM = "apple-generic";
				VERSION_INFO_PREFIX = "";
			};
			name = Release;
		};
		459D645E29A3AF4D00A92ED0 /* Debug */ = {
			isa = XCBuildConfiguration;
			buildSettings = {
				CLANG_ENABLE_MODULES = YES;
				CODE_SIGN_STYLE = Automatic;
				COMBINE_HIDPI_IMAGES = YES;
				CURRENT_PROJECT_VERSION = 1;
				DEFINES_MODULE = YES;
				DYLIB_COMPATIBILITY_VERSION = 1;
				DYLIB_CURRENT_VERSION = 1;
				DYLIB_INSTALL_NAME_BASE = "@rpath";
				GENERATE_INFOPLIST_FILE = YES;
				INFOPLIST_KEY_NSHumanReadableCopyright = "";
				INSTALL_PATH = "$(LOCAL_LIBRARY_DIR)/Frameworks";
				LD_RUNPATH_SEARCH_PATHS = (
					"$(inherited)",
					"@executable_path/../Frameworks",
					"@loader_path/Frameworks",
				);
				MARKETING_VERSION = 1.0;
				PRODUCT_BUNDLE_IDENTIFIER = bekabeshka.EssentialFeed;
				PRODUCT_NAME = "$(TARGET_NAME:c99extidentifier)";
				SKIP_INSTALL = YES;
				SWIFT_EMIT_LOC_STRINGS = YES;
				SWIFT_OPTIMIZATION_LEVEL = "-Onone";
				SWIFT_VERSION = 5.0;
			};
			name = Debug;
		};
		459D645F29A3AF4D00A92ED0 /* Release */ = {
			isa = XCBuildConfiguration;
			buildSettings = {
				CLANG_ENABLE_MODULES = YES;
				CODE_SIGN_STYLE = Automatic;
				COMBINE_HIDPI_IMAGES = YES;
				CURRENT_PROJECT_VERSION = 1;
				DEFINES_MODULE = YES;
				DYLIB_COMPATIBILITY_VERSION = 1;
				DYLIB_CURRENT_VERSION = 1;
				DYLIB_INSTALL_NAME_BASE = "@rpath";
				GENERATE_INFOPLIST_FILE = YES;
				INFOPLIST_KEY_NSHumanReadableCopyright = "";
				INSTALL_PATH = "$(LOCAL_LIBRARY_DIR)/Frameworks";
				LD_RUNPATH_SEARCH_PATHS = (
					"$(inherited)",
					"@executable_path/../Frameworks",
					"@loader_path/Frameworks",
				);
				MARKETING_VERSION = 1.0;
				PRODUCT_BUNDLE_IDENTIFIER = bekabeshka.EssentialFeed;
				PRODUCT_NAME = "$(TARGET_NAME:c99extidentifier)";
				SKIP_INSTALL = YES;
				SWIFT_EMIT_LOC_STRINGS = YES;
				SWIFT_VERSION = 5.0;
			};
			name = Release;
		};
		459D646129A3AF4D00A92ED0 /* Debug */ = {
			isa = XCBuildConfiguration;
			buildSettings = {
				ALWAYS_EMBED_SWIFT_STANDARD_LIBRARIES = YES;
				CODE_SIGN_STYLE = Automatic;
				CURRENT_PROJECT_VERSION = 1;
				GENERATE_INFOPLIST_FILE = YES;
				MARKETING_VERSION = 1.0;
				PRODUCT_BUNDLE_IDENTIFIER = bekabeshka.EssentialFeedTests;
				PRODUCT_NAME = "$(TARGET_NAME)";
				SWIFT_EMIT_LOC_STRINGS = NO;
				SWIFT_VERSION = 5.0;
			};
			name = Debug;
		};
		459D646229A3AF4D00A92ED0 /* Release */ = {
			isa = XCBuildConfiguration;
			buildSettings = {
				ALWAYS_EMBED_SWIFT_STANDARD_LIBRARIES = YES;
				CODE_SIGN_STYLE = Automatic;
				CURRENT_PROJECT_VERSION = 1;
				GENERATE_INFOPLIST_FILE = YES;
				MARKETING_VERSION = 1.0;
				PRODUCT_BUNDLE_IDENTIFIER = bekabeshka.EssentialFeedTests;
				PRODUCT_NAME = "$(TARGET_NAME)";
				SWIFT_EMIT_LOC_STRINGS = NO;
				SWIFT_VERSION = 5.0;
			};
			name = Release;
		};
		45B0EFC529AB89BD00DF58E8 /* Debug */ = {
			isa = XCBuildConfiguration;
			buildSettings = {
				CODE_SIGN_STYLE = Automatic;
				CURRENT_PROJECT_VERSION = 1;
				GENERATE_INFOPLIST_FILE = YES;
				MARKETING_VERSION = 1.0;
				PRODUCT_BUNDLE_IDENTIFIER = bekabeshka.EssentialFeedAPIEndToEndTests;
				PRODUCT_NAME = "$(TARGET_NAME)";
				SWIFT_EMIT_LOC_STRINGS = NO;
				SWIFT_VERSION = 5.0;
			};
			name = Debug;
		};
		45B0EFC629AB89BD00DF58E8 /* Release */ = {
			isa = XCBuildConfiguration;
			buildSettings = {
				CODE_SIGN_STYLE = Automatic;
				CURRENT_PROJECT_VERSION = 1;
				GENERATE_INFOPLIST_FILE = YES;
				MARKETING_VERSION = 1.0;
				PRODUCT_BUNDLE_IDENTIFIER = bekabeshka.EssentialFeedAPIEndToEndTests;
				PRODUCT_NAME = "$(TARGET_NAME)";
				SWIFT_EMIT_LOC_STRINGS = NO;
				SWIFT_VERSION = 5.0;
			};
			name = Release;
		};
/* End XCBuildConfiguration section */

/* Begin XCConfigurationList section */
		459D644529A3AF4D00A92ED0 /* Build configuration list for PBXProject "EssentialFeed" */ = {
			isa = XCConfigurationList;
			buildConfigurations = (
				459D645B29A3AF4D00A92ED0 /* Debug */,
				459D645C29A3AF4D00A92ED0 /* Release */,
			);
			defaultConfigurationIsVisible = 0;
			defaultConfigurationName = Release;
		};
		459D645D29A3AF4D00A92ED0 /* Build configuration list for PBXNativeTarget "EssentialFeed" */ = {
			isa = XCConfigurationList;
			buildConfigurations = (
				459D645E29A3AF4D00A92ED0 /* Debug */,
				459D645F29A3AF4D00A92ED0 /* Release */,
			);
			defaultConfigurationIsVisible = 0;
			defaultConfigurationName = Release;
		};
		459D646029A3AF4D00A92ED0 /* Build configuration list for PBXNativeTarget "EssentialFeedTests" */ = {
			isa = XCConfigurationList;
			buildConfigurations = (
				459D646129A3AF4D00A92ED0 /* Debug */,
				459D646229A3AF4D00A92ED0 /* Release */,
			);
			defaultConfigurationIsVisible = 0;
			defaultConfigurationName = Release;
		};
		45B0EFC429AB89BD00DF58E8 /* Build configuration list for PBXNativeTarget "EssentialFeedAPIEndToEndTests" */ = {
			isa = XCConfigurationList;
			buildConfigurations = (
				45B0EFC529AB89BD00DF58E8 /* Debug */,
				45B0EFC629AB89BD00DF58E8 /* Release */,
			);
			defaultConfigurationIsVisible = 0;
			defaultConfigurationName = Release;
		};
/* End XCConfigurationList section */

/* Begin XCVersionGroup section */
		453DEBD529EAD677002560E3 /* FeedStore.xcdatamodeld */ = {
			isa = XCVersionGroup;
			children = (
				453DEBD629EAD677002560E3 /* FeedStore.xcdatamodel */,
			);
			currentVersion = 453DEBD629EAD677002560E3 /* FeedStore.xcdatamodel */;
			path = FeedStore.xcdatamodeld;
			sourceTree = "<group>";
			versionGroupType = wrapper.xcdatamodel;
		};
/* End XCVersionGroup section */
	};
	rootObject = 459D644229A3AF4D00A92ED0 /* Project object */;
}
